// !$*UTF8*$!
{
	archiveVersion = 1;
	classes = {
	};
	objectVersion = 77;
	objects = {

/* Begin PBXBuildFile section */
		BC0253062E28F27700504074 /* 2025_07_17_allowsHitTestingView.swift in Sources */ = {isa = PBXBuildFile; fileRef = BC0253052E28F26000504074 /* 2025_07_17_allowsHitTestingView.swift */; };
		BC0253082E2D2C5900504074 /* 2025_07_20_BorderlessButtonStyleView.swift in Sources */ = {isa = PBXBuildFile; fileRef = BC0253072E2D2C4A00504074 /* 2025_07_20_BorderlessButtonStyleView.swift */; };
		BC10DD4B2E69DB03008A302A /* 2025_09_04_GeometryReaderView.swift in Sources */ = {isa = PBXBuildFile; fileRef = BC10DD4A2E69DAF5008A302A /* 2025_09_04_GeometryReaderView.swift */; };
		BC2447382DFF0B4700E10A17 /* redactedView.swift in Sources */ = {isa = PBXBuildFile; fileRef = BC2447372DFF0B4500E10A17 /* redactedView.swift */; };
		BC2447B82DFFF9EE00E10A17 /* DisclosureGroupView.swift in Sources */ = {isa = PBXBuildFile; fileRef = BC2447B72DFFF9EB00E10A17 /* DisclosureGroupView.swift */; };
		BC2447BA2E000E3F00E10A17 /* OutlineGroupView.swift in Sources */ = {isa = PBXBuildFile; fileRef = BC2447B92E000E3900E10A17 /* OutlineGroupView.swift */; };
		BC2447BC2E0030FB00E10A17 /* ScrollViewReader.swift in Sources */ = {isa = PBXBuildFile; fileRef = BC2447BB2E0030F000E10A17 /* ScrollViewReader.swift */; };
		BC75B5292E2FEF4F00C6BF9B /* 2025_07_23_shadowView.swift in Sources */ = {isa = PBXBuildFile; fileRef = BC75B5282E2FEF4200C6BF9B /* 2025_07_23_shadowView.swift */; };
		BC75B52B2E2FF09200C6BF9B /* 2025_07_23_blurView.swift in Sources */ = {isa = PBXBuildFile; fileRef = BC75B52A2E2FF07B00C6BF9B /* 2025_07_23_blurView.swift */; };
		BC75B52D2E3147D100C6BF9B /* 2025_07_24_ChipsView.swift in Sources */ = {isa = PBXBuildFile; fileRef = BC75B52C2E3147C600C6BF9B /* 2025_07_24_ChipsView.swift */; };
		BC75B52F2E3148F000C6BF9B /* 2025_07_24_ChipsContainerMainView.swift in Sources */ = {isa = PBXBuildFile; fileRef = BC75B52E2E3148E100C6BF9B /* 2025_07_24_ChipsContainerMainView.swift */; };
		BCA2565C2E353EAB00F51289 /* 2025_07_27_ShareLinkView.swift in Sources */ = {isa = PBXBuildFile; fileRef = BCA2565B2E353E9F00F51289 /* 2025_07_27_ShareLinkView.swift */; };
		BCA2565E2E36832E00F51289 /* 2025_07_28_ScrollOffsetView.swift in Sources */ = {isa = PBXBuildFile; fileRef = BCA2565D2E36831500F51289 /* 2025_07_28_ScrollOffsetView.swift */; };
		BCA256602E37E0CD00F51289 /* 2025_07_29_PasteButtonView.swift in Sources */ = {isa = PBXBuildFile; fileRef = BCA2565F2E37E0B900F51289 /* 2025_07_29_PasteButtonView.swift */; };
		BCA59B3D2DFDC4980001EF7D /* TabView.swift in Sources */ = {isa = PBXBuildFile; fileRef = BCA59B3C2DFDC4960001EF7D /* TabView.swift */; };
		BCA59B3F2DFDE48E0001EF7D /* BarMarkView.swift in Sources */ = {isa = PBXBuildFile; fileRef = BCA59B3E2DFDE4890001EF7D /* BarMarkView.swift */; };
		BCA59B422DFDF7030001EF7D /* PointMarkView.swift in Sources */ = {isa = PBXBuildFile; fileRef = BCA59B412DFDF6FF0001EF7D /* PointMarkView.swift */; };
		BCA59B442DFDFAE40001EF7D /* LineMarkView.swift in Sources */ = {isa = PBXBuildFile; fileRef = BCA59B432DFDFADB0001EF7D /* LineMarkView.swift */; };
		BCA59B462DFDFC030001EF7D /* AreaMarkView.swift in Sources */ = {isa = PBXBuildFile; fileRef = BCA59B452DFDFBFE0001EF7D /* AreaMarkView.swift */; };
		BCA59B482DFDFDCC0001EF7D /* RuleMarkView.swift in Sources */ = {isa = PBXBuildFile; fileRef = BCA59B472DFDFDCB0001EF7D /* RuleMarkView.swift */; };
		BCA59B4A2DFDFEAE0001EF7D /* RectangleMarkView.swift in Sources */ = {isa = PBXBuildFile; fileRef = BCA59B492DFDFEAB0001EF7D /* RectangleMarkView.swift */; };
		BCA59B4E2DFE71C80001EF7D /* NavigationStackView.swift in Sources */ = {isa = PBXBuildFile; fileRef = BCA59B4D2DFE71C80001EF7D /* NavigationStackView.swift */; };
		BCA6C5992E65EB6B0002FCF0 /* 2025_09_01_VisionOSApp.swift in Sources */ = {isa = PBXBuildFile; fileRef = BCA6C5982E65EB590002FCF0 /* 2025_09_01_VisionOSApp.swift */; };
		BCAA73CA2E5CD3C1000DDABA /* Lottie in Frameworks */ = {isa = PBXBuildFile; productRef = BCAA73C92E5CD3C1000DDABA /* Lottie */; };
		BCAB50972E06A7A5002E5837 /* LazyVGridView.swift in Sources */ = {isa = PBXBuildFile; fileRef = BCAB50962E06A7A2002E5837 /* LazyVGridView.swift */; };
		BCAB50992E06A85C002E5837 /* LazyHGridView.swift in Sources */ = {isa = PBXBuildFile; fileRef = BCAB50982E06A859002E5837 /* LazyHGridView.swift */; };
		BCAC4C0B2E20ED8300E06946 /* 2025_07_11_ScrollViewRepresentableView.swift in Sources */ = {isa = PBXBuildFile; fileRef = BCAC4C0A2E20ED7E00E06946 /* 2025_07_11_ScrollViewRepresentableView.swift */; };
		BCB3BFE62DFBD02E001B2DDE /* Assets.xcassets in Resources */ = {isa = PBXBuildFile; fileRef = BCB3BFE22DFBD02E001B2DDE /* Assets.xcassets */; };
		BCB3BFE72DFBD02E001B2DDE /* ActivityView.swift in Sources */ = {isa = PBXBuildFile; fileRef = BCB3BFE12DFBD02E001B2DDE /* ActivityView.swift */; };
		BCB3BFE82DFBD02E001B2DDE /* SwiftStyApp.swift in Sources */ = {isa = PBXBuildFile; fileRef = BCB3BFE32DFBD02E001B2DDE /* SwiftStyApp.swift */; };
		BCB3BFE92DFBD02E001B2DDE /* swipeActions.swift in Sources */ = {isa = PBXBuildFile; fileRef = BCB3BFE42DFBD02E001B2DDE /* swipeActions.swift */; };
		BCB3BFED2DFC772B001B2DDE /* multilineTextAlignment.swift in Sources */ = {isa = PBXBuildFile; fileRef = BCB3BFEC2DFC772A001B2DDE /* multilineTextAlignment.swift */; };
		BCB3BFEF2DFC7CB0001B2DDE /* lineLimit.swift in Sources */ = {isa = PBXBuildFile; fileRef = BCB3BFEE2DFC7CAF001B2DDE /* lineLimit.swift */; };
		BCB3BFF12DFC7DCF001B2DDE /* lineSpacing.swift in Sources */ = {isa = PBXBuildFile; fileRef = BCB3BFF02DFC7DCE001B2DDE /* lineSpacing.swift */; };
		BCBDDD0C2E33E909007C51F7 /* 2025_07_26_blendModeView.swift in Sources */ = {isa = PBXBuildFile; fileRef = BCBDDD0B2E33E8F4007C51F7 /* 2025_07_26_blendModeView.swift */; };
		BCBEBCF32E0593B0006EFA81 /* OverlayView.swift in Sources */ = {isa = PBXBuildFile; fileRef = BCBEBCF22E0593AB006EFA81 /* OverlayView.swift */; };
		BCC1CD722E3A2CE800AD07C4 /* 2025_07_30_DragDropView.swift in Sources */ = {isa = PBXBuildFile; fileRef = BCC1CD712E3A2CD200AD07C4 /* 2025_07_30_DragDropView.swift */; };
		BCC1CD742E3A951100AD07C4 /* 2025_07_31_onDragonDropView.swift in Sources */ = {isa = PBXBuildFile; fileRef = BCC1CD732E3A94E100AD07C4 /* 2025_07_31_onDragonDropView.swift */; };
		BCD814BE2E675D110070D9B4 /* 2025_09_02_PerformanceTestView.swift in Sources */ = {isa = PBXBuildFile; fileRef = BCD814BD2E675CB20070D9B4 /* 2025_09_02_PerformanceTestView.swift */; };
		BCD814C12E67F7B30070D9B4 /* BindingView.swift in Sources */ = {isa = PBXBuildFile; fileRef = BCD814C02E67F7900070D9B4 /* BindingView.swift */; };
		BCD814C32E67F7DB0070D9B4 /* parentsView.swift in Sources */ = {isa = PBXBuildFile; fileRef = BCD814C22E67F7BA0070D9B4 /* parentsView.swift */; };
		BCE22D072E2E1A6100BBDD14 /* 2025_07_21_MagnifyGestureView.swift in Sources */ = {isa = PBXBuildFile; fileRef = BCE22D062E2E1A5500BBDD14 /* 2025_07_21_MagnifyGestureView.swift */; };
		BCE22DAC2E2EB92500BBDD14 /* 2025_07_22_maskView.swift in Sources */ = {isa = PBXBuildFile; fileRef = BCE22DAB2E2EB90600BBDD14 /* 2025_07_22_maskView.swift */; };
		BCE22DAE2E2EB9A900BBDD14 /* 2025_07_22_trimView.swift in Sources */ = {isa = PBXBuildFile; fileRef = BCE22DAD2E2EB9A900BBDD14 /* 2025_07_22_trimView.swift */; };
		BCEE41562E0F34C9002AC57E /* AnimationsView.swift in Sources */ = {isa = PBXBuildFile; fileRef = BCEE41552E0F34B7002AC57E /* AnimationsView.swift */; };
		BCF39E942E32900100E1FCF2 /* 2025_07_25_compositingGroupView.swift in Sources */ = {isa = PBXBuildFile; fileRef = BCF39E932E328FF000E1FCF2 /* 2025_07_25_compositingGroupView.swift */; };
		BCF5AE182E084E4B0074E06A /* renderingModeView.swift in Sources */ = {isa = PBXBuildFile; fileRef = BCF5AE172E084E480074E06A /* renderingModeView.swift */; };
		BCF5AE1C2E0995000074E06A /* refreshableView.swift in Sources */ = {isa = PBXBuildFile; fileRef = BCF5AE1B2E0994F80074E06A /* refreshableView.swift */; };
		BCF5AE1E2E09A30B0074E06A /* RefreshActionView.swift in Sources */ = {isa = PBXBuildFile; fileRef = BCF5AE1D2E09A30A0074E06A /* RefreshActionView.swift */; };
		BCF6671E2E0AF98600C8B475 /* TextView.swift in Sources */ = {isa = PBXBuildFile; fileRef = BCF6671D2E0AF97A00C8B475 /* TextView.swift */; };
		BCF667262E0B1DA400C8B475 /* SpacingView.swift in Sources */ = {isa = PBXBuildFile; fileRef = BCF667252E0B1D8D00C8B475 /* SpacingView.swift */; };
		BCF667282E0B228C00C8B475 /* lineSpacingView.swift in Sources */ = {isa = PBXBuildFile; fileRef = BCF667272E0B228800C8B475 /* lineSpacingView.swift */; };
		BCF8E3122E19745800B719FB /* NotificationView.swift in Sources */ = {isa = PBXBuildFile; fileRef = BCF8E3112E19745300B719FB /* NotificationView.swift */; };
		BCF8E3142E19890200B719FB /* TooltipShapeView.swift in Sources */ = {isa = PBXBuildFile; fileRef = BCF8E3132E1988FF00B719FB /* TooltipShapeView.swift */; };
		BCF8E3BA2E1AD8B000B719FB /* CustomTabView .swift in Sources */ = {isa = PBXBuildFile; fileRef = BCF8E3B92E1AD8AC00B719FB /* CustomTabView .swift */; };
		BCF8E3BC2E1ADF2600B719FB /* StickyView.swift in Sources */ = {isa = PBXBuildFile; fileRef = BCF8E3BB2E1ADF1B00B719FB /* StickyView.swift */; };
		BCF8E4602E1C2EC800B719FB /* MonospacedView.swift in Sources */ = {isa = PBXBuildFile; fileRef = BCF8E45F2E1C2EC400B719FB /* MonospacedView.swift */; };
		BCF8E4622E1C2F2C00B719FB /* MonospacedDigitView.swift in Sources */ = {isa = PBXBuildFile; fileRef = BCF8E4612E1C2F2B00B719FB /* MonospacedDigitView.swift */; };
		BCF8E4642E1C2F7400B719FB /* FontMonospacedView.swift in Sources */ = {isa = PBXBuildFile; fileRef = BCF8E4632E1C2F7300B719FB /* FontMonospacedView.swift */; };
		BCF8E47F2E1EB7A600B719FB /* onChangeView.swift in Sources */ = {isa = PBXBuildFile; fileRef = BCF8E47E2E1EB78E00B719FB /* onChangeView.swift */; };
		BCF8E4992E20037E00B719FB /* DatePickerView.swift in Sources */ = {isa = PBXBuildFile; fileRef = BCF8E4982E20037700B719FB /* DatePickerView.swift */; };
		BCF8E49B2E20084100B719FB /* 2025_07_10_PickerCustomView.swift in Sources */ = {isa = PBXBuildFile; fileRef = BCF8E49A2E20082E00B719FB /* 2025_07_10_PickerCustomView.swift */; };
		BCFBC84F2E0D274F0033E563 /* CalenderView.swift in Sources */ = {isa = PBXBuildFile; fileRef = BCFBC84E2E0D27410033E563 /* CalenderView.swift */; };
		BCFBC8512E0D2D0F0033E563 /* HCalendarView.swift in Sources */ = {isa = PBXBuildFile; fileRef = BCFBC8502E0D2D070033E563 /* HCalendarView.swift */; };
		BCFDF4442E0322F0002AE09E /* PinnedScrollableViews.swift in Sources */ = {isa = PBXBuildFile; fileRef = BCFDF4432E0322EA002AE09E /* PinnedScrollableViews.swift */; };
		BCFDF4482E039101002AE09E /* CustomTapGestureView.swift in Sources */ = {isa = PBXBuildFile; fileRef = BCFDF4472E0390FA002AE09E /* CustomTapGestureView.swift */; };
		BCFDF44C2E039CCA002AE09E /* onTapGestureView.swift in Sources */ = {isa = PBXBuildFile; fileRef = BCFDF44B2E039CC7002AE09E /* onTapGestureView.swift */; };
/* End PBXBuildFile section */

/* Begin PBXContainerItemProxy section */
		BC2027AB2DF9926B00B1CC27 /* PBXContainerItemProxy */ = {
			isa = PBXContainerItemProxy;
			containerPortal = BC2027952DF9926900B1CC27 /* Project object */;
			proxyType = 1;
			remoteGlobalIDString = BC20279C2DF9926900B1CC27;
			remoteInfo = SwiftSty;
		};
		BC2027B52DF9926B00B1CC27 /* PBXContainerItemProxy */ = {
			isa = PBXContainerItemProxy;
			containerPortal = BC2027952DF9926900B1CC27 /* Project object */;
			proxyType = 1;
			remoteGlobalIDString = BC20279C2DF9926900B1CC27;
			remoteInfo = SwiftSty;
		};
/* End PBXContainerItemProxy section */

/* Begin PBXCopyFilesBuildPhase section */
		BCAA73CE2E5CD3C5000DDABA /* Embed Frameworks */ = {
			isa = PBXCopyFilesBuildPhase;
			buildActionMask = 2147483647;
			dstPath = "";
			dstSubfolderSpec = 10;
			files = (
			);
			name = "Embed Frameworks";
			runOnlyForDeploymentPostprocessing = 0;
		};
/* End PBXCopyFilesBuildPhase section */

/* Begin PBXFileReference section */
		BC0253052E28F26000504074 /* 2025_07_17_allowsHitTestingView.swift */ = {isa = PBXFileReference; lastKnownFileType = sourcecode.swift; path = 2025_07_17_allowsHitTestingView.swift; sourceTree = "<group>"; };
		BC0253072E2D2C4A00504074 /* 2025_07_20_BorderlessButtonStyleView.swift */ = {isa = PBXFileReference; lastKnownFileType = sourcecode.swift; path = 2025_07_20_BorderlessButtonStyleView.swift; sourceTree = "<group>"; };
		BC10DD4A2E69DAF5008A302A /* 2025_09_04_GeometryReaderView.swift */ = {isa = PBXFileReference; lastKnownFileType = sourcecode.swift; path = 2025_09_04_GeometryReaderView.swift; sourceTree = "<group>"; };
		BC20279D2DF9926900B1CC27 /* SwiftSty.app */ = {isa = PBXFileReference; explicitFileType = wrapper.application; includeInIndex = 0; path = SwiftSty.app; sourceTree = BUILT_PRODUCTS_DIR; };
		BC2027AA2DF9926B00B1CC27 /* SwiftStyTests.xctest */ = {isa = PBXFileReference; explicitFileType = wrapper.cfbundle; includeInIndex = 0; path = SwiftStyTests.xctest; sourceTree = BUILT_PRODUCTS_DIR; };
		BC2027B42DF9926B00B1CC27 /* SwiftStyUITests.xctest */ = {isa = PBXFileReference; explicitFileType = wrapper.cfbundle; includeInIndex = 0; path = SwiftStyUITests.xctest; sourceTree = BUILT_PRODUCTS_DIR; };
		BC2447372DFF0B4500E10A17 /* redactedView.swift */ = {isa = PBXFileReference; lastKnownFileType = sourcecode.swift; path = redactedView.swift; sourceTree = "<group>"; };
		BC2447B72DFFF9EB00E10A17 /* DisclosureGroupView.swift */ = {isa = PBXFileReference; lastKnownFileType = sourcecode.swift; path = DisclosureGroupView.swift; sourceTree = "<group>"; };
		BC2447B92E000E3900E10A17 /* OutlineGroupView.swift */ = {isa = PBXFileReference; lastKnownFileType = sourcecode.swift; path = OutlineGroupView.swift; sourceTree = "<group>"; };
		BC2447BB2E0030F000E10A17 /* ScrollViewReader.swift */ = {isa = PBXFileReference; lastKnownFileType = sourcecode.swift; path = ScrollViewReader.swift; sourceTree = "<group>"; };
		BC75B5282E2FEF4200C6BF9B /* 2025_07_23_shadowView.swift */ = {isa = PBXFileReference; lastKnownFileType = sourcecode.swift; path = 2025_07_23_shadowView.swift; sourceTree = "<group>"; };
		BC75B52A2E2FF07B00C6BF9B /* 2025_07_23_blurView.swift */ = {isa = PBXFileReference; lastKnownFileType = sourcecode.swift; path = 2025_07_23_blurView.swift; sourceTree = "<group>"; };
		BC75B52C2E3147C600C6BF9B /* 2025_07_24_ChipsView.swift */ = {isa = PBXFileReference; lastKnownFileType = sourcecode.swift; path = 2025_07_24_ChipsView.swift; sourceTree = "<group>"; };
		BC75B52E2E3148E100C6BF9B /* 2025_07_24_ChipsContainerMainView.swift */ = {isa = PBXFileReference; lastKnownFileType = sourcecode.swift; path = 2025_07_24_ChipsContainerMainView.swift; sourceTree = "<group>"; };
		BCA2565B2E353E9F00F51289 /* 2025_07_27_ShareLinkView.swift */ = {isa = PBXFileReference; lastKnownFileType = sourcecode.swift; path = 2025_07_27_ShareLinkView.swift; sourceTree = "<group>"; };
		BCA2565D2E36831500F51289 /* 2025_07_28_ScrollOffsetView.swift */ = {isa = PBXFileReference; lastKnownFileType = sourcecode.swift; path = 2025_07_28_ScrollOffsetView.swift; sourceTree = "<group>"; };
		BCA2565F2E37E0B900F51289 /* 2025_07_29_PasteButtonView.swift */ = {isa = PBXFileReference; lastKnownFileType = sourcecode.swift; path = 2025_07_29_PasteButtonView.swift; sourceTree = "<group>"; };
		BCA59B3C2DFDC4960001EF7D /* TabView.swift */ = {isa = PBXFileReference; lastKnownFileType = sourcecode.swift; path = TabView.swift; sourceTree = "<group>"; };
		BCA59B3E2DFDE4890001EF7D /* BarMarkView.swift */ = {isa = PBXFileReference; lastKnownFileType = sourcecode.swift; path = BarMarkView.swift; sourceTree = "<group>"; };
		BCA59B412DFDF6FF0001EF7D /* PointMarkView.swift */ = {isa = PBXFileReference; lastKnownFileType = sourcecode.swift; path = PointMarkView.swift; sourceTree = "<group>"; };
		BCA59B432DFDFADB0001EF7D /* LineMarkView.swift */ = {isa = PBXFileReference; lastKnownFileType = sourcecode.swift; path = LineMarkView.swift; sourceTree = "<group>"; };
		BCA59B452DFDFBFE0001EF7D /* AreaMarkView.swift */ = {isa = PBXFileReference; lastKnownFileType = sourcecode.swift; path = AreaMarkView.swift; sourceTree = "<group>"; };
		BCA59B472DFDFDCB0001EF7D /* RuleMarkView.swift */ = {isa = PBXFileReference; lastKnownFileType = sourcecode.swift; path = RuleMarkView.swift; sourceTree = "<group>"; };
		BCA59B492DFDFEAB0001EF7D /* RectangleMarkView.swift */ = {isa = PBXFileReference; lastKnownFileType = sourcecode.swift; path = RectangleMarkView.swift; sourceTree = "<group>"; };
		BCA59B4D2DFE71C80001EF7D /* NavigationStackView.swift */ = {isa = PBXFileReference; lastKnownFileType = sourcecode.swift; path = NavigationStackView.swift; sourceTree = "<group>"; };
		BCA6C5982E65EB590002FCF0 /* 2025_09_01_VisionOSApp.swift */ = {isa = PBXFileReference; lastKnownFileType = sourcecode.swift; path = 2025_09_01_VisionOSApp.swift; sourceTree = "<group>"; };
		BCAB50962E06A7A2002E5837 /* LazyVGridView.swift */ = {isa = PBXFileReference; lastKnownFileType = sourcecode.swift; path = LazyVGridView.swift; sourceTree = "<group>"; };
		BCAB50982E06A859002E5837 /* LazyHGridView.swift */ = {isa = PBXFileReference; lastKnownFileType = sourcecode.swift; path = LazyHGridView.swift; sourceTree = "<group>"; };
		BCAC4C0A2E20ED7E00E06946 /* 2025_07_11_ScrollViewRepresentableView.swift */ = {isa = PBXFileReference; lastKnownFileType = sourcecode.swift; path = 2025_07_11_ScrollViewRepresentableView.swift; sourceTree = "<group>"; };
		BCB3BFE12DFBD02E001B2DDE /* ActivityView.swift */ = {isa = PBXFileReference; lastKnownFileType = sourcecode.swift; path = ActivityView.swift; sourceTree = "<group>"; };
		BCB3BFE22DFBD02E001B2DDE /* Assets.xcassets */ = {isa = PBXFileReference; lastKnownFileType = folder.assetcatalog; path = Assets.xcassets; sourceTree = "<group>"; };
		BCB3BFE32DFBD02E001B2DDE /* SwiftStyApp.swift */ = {isa = PBXFileReference; lastKnownFileType = sourcecode.swift; path = SwiftStyApp.swift; sourceTree = "<group>"; };
		BCB3BFE42DFBD02E001B2DDE /* swipeActions.swift */ = {isa = PBXFileReference; lastKnownFileType = sourcecode.swift; path = swipeActions.swift; sourceTree = "<group>"; };
		BCB3BFEC2DFC772A001B2DDE /* multilineTextAlignment.swift */ = {isa = PBXFileReference; lastKnownFileType = sourcecode.swift; path = multilineTextAlignment.swift; sourceTree = "<group>"; };
		BCB3BFEE2DFC7CAF001B2DDE /* lineLimit.swift */ = {isa = PBXFileReference; lastKnownFileType = sourcecode.swift; path = lineLimit.swift; sourceTree = "<group>"; };
		BCB3BFF02DFC7DCE001B2DDE /* lineSpacing.swift */ = {isa = PBXFileReference; lastKnownFileType = sourcecode.swift; path = lineSpacing.swift; sourceTree = "<group>"; };
		BCBDDD0B2E33E8F4007C51F7 /* 2025_07_26_blendModeView.swift */ = {isa = PBXFileReference; lastKnownFileType = sourcecode.swift; path = 2025_07_26_blendModeView.swift; sourceTree = "<group>"; };
		BCBEBCF22E0593AB006EFA81 /* OverlayView.swift */ = {isa = PBXFileReference; lastKnownFileType = sourcecode.swift; path = OverlayView.swift; sourceTree = "<group>"; };
		BCC1CD712E3A2CD200AD07C4 /* 2025_07_30_DragDropView.swift */ = {isa = PBXFileReference; lastKnownFileType = sourcecode.swift; path = 2025_07_30_DragDropView.swift; sourceTree = "<group>"; };
		BCC1CD732E3A94E100AD07C4 /* 2025_07_31_onDragonDropView.swift */ = {isa = PBXFileReference; lastKnownFileType = sourcecode.swift; path = 2025_07_31_onDragonDropView.swift; sourceTree = "<group>"; };
		BCD814BD2E675CB20070D9B4 /* 2025_09_02_PerformanceTestView.swift */ = {isa = PBXFileReference; lastKnownFileType = sourcecode.swift; path = 2025_09_02_PerformanceTestView.swift; sourceTree = "<group>"; };
		BCD814C02E67F7900070D9B4 /* BindingView.swift */ = {isa = PBXFileReference; lastKnownFileType = sourcecode.swift; path = BindingView.swift; sourceTree = "<group>"; };
		BCD814C22E67F7BA0070D9B4 /* parentsView.swift */ = {isa = PBXFileReference; lastKnownFileType = sourcecode.swift; path = parentsView.swift; sourceTree = "<group>"; };
		BCE22D062E2E1A5500BBDD14 /* 2025_07_21_MagnifyGestureView.swift */ = {isa = PBXFileReference; lastKnownFileType = sourcecode.swift; path = 2025_07_21_MagnifyGestureView.swift; sourceTree = "<group>"; };
		BCE22DAB2E2EB90600BBDD14 /* 2025_07_22_maskView.swift */ = {isa = PBXFileReference; lastKnownFileType = sourcecode.swift; path = 2025_07_22_maskView.swift; sourceTree = "<group>"; };
		BCE22DAD2E2EB9A900BBDD14 /* 2025_07_22_trimView.swift */ = {isa = PBXFileReference; lastKnownFileType = sourcecode.swift; path = 2025_07_22_trimView.swift; sourceTree = "<group>"; };
		BCEE41552E0F34B7002AC57E /* AnimationsView.swift */ = {isa = PBXFileReference; lastKnownFileType = sourcecode.swift; path = AnimationsView.swift; sourceTree = "<group>"; };
		BCF345B62E608F08000B7196 /* SwiftSty.entitlements */ = {isa = PBXFileReference; lastKnownFileType = text.plist.entitlements; path = SwiftSty.entitlements; sourceTree = "<group>"; };
		BCF345B72E60905D000B7196 /* Info.plist */ = {isa = PBXFileReference; lastKnownFileType = text.plist; path = Info.plist; sourceTree = "<group>"; };
		BCF39E932E328FF000E1FCF2 /* 2025_07_25_compositingGroupView.swift */ = {isa = PBXFileReference; lastKnownFileType = sourcecode.swift; path = 2025_07_25_compositingGroupView.swift; sourceTree = "<group>"; };
		BCF5AE172E084E480074E06A /* renderingModeView.swift */ = {isa = PBXFileReference; lastKnownFileType = sourcecode.swift; path = renderingModeView.swift; sourceTree = "<group>"; };
		BCF5AE1B2E0994F80074E06A /* refreshableView.swift */ = {isa = PBXFileReference; lastKnownFileType = sourcecode.swift; path = refreshableView.swift; sourceTree = "<group>"; };
		BCF5AE1D2E09A30A0074E06A /* RefreshActionView.swift */ = {isa = PBXFileReference; lastKnownFileType = sourcecode.swift; path = RefreshActionView.swift; sourceTree = "<group>"; };
		BCF6671D2E0AF97A00C8B475 /* TextView.swift */ = {isa = PBXFileReference; lastKnownFileType = sourcecode.swift; path = TextView.swift; sourceTree = "<group>"; };
		BCF667252E0B1D8D00C8B475 /* SpacingView.swift */ = {isa = PBXFileReference; lastKnownFileType = sourcecode.swift; path = SpacingView.swift; sourceTree = "<group>"; };
		BCF667272E0B228800C8B475 /* lineSpacingView.swift */ = {isa = PBXFileReference; lastKnownFileType = sourcecode.swift; path = lineSpacingView.swift; sourceTree = "<group>"; };
		BCF8E3112E19745300B719FB /* NotificationView.swift */ = {isa = PBXFileReference; lastKnownFileType = sourcecode.swift; path = NotificationView.swift; sourceTree = "<group>"; };
		BCF8E3132E1988FF00B719FB /* TooltipShapeView.swift */ = {isa = PBXFileReference; lastKnownFileType = sourcecode.swift; path = TooltipShapeView.swift; sourceTree = "<group>"; };
		BCF8E3B92E1AD8AC00B719FB /* CustomTabView .swift */ = {isa = PBXFileReference; lastKnownFileType = sourcecode.swift; path = "CustomTabView .swift"; sourceTree = "<group>"; };
		BCF8E3BB2E1ADF1B00B719FB /* StickyView.swift */ = {isa = PBXFileReference; lastKnownFileType = sourcecode.swift; path = StickyView.swift; sourceTree = "<group>"; };
		BCF8E45F2E1C2EC400B719FB /* MonospacedView.swift */ = {isa = PBXFileReference; lastKnownFileType = sourcecode.swift; path = MonospacedView.swift; sourceTree = "<group>"; };
		BCF8E4612E1C2F2B00B719FB /* MonospacedDigitView.swift */ = {isa = PBXFileReference; lastKnownFileType = sourcecode.swift; path = MonospacedDigitView.swift; sourceTree = "<group>"; };
		BCF8E4632E1C2F7300B719FB /* FontMonospacedView.swift */ = {isa = PBXFileReference; lastKnownFileType = sourcecode.swift; path = FontMonospacedView.swift; sourceTree = "<group>"; };
		BCF8E47E2E1EB78E00B719FB /* onChangeView.swift */ = {isa = PBXFileReference; lastKnownFileType = sourcecode.swift; path = onChangeView.swift; sourceTree = "<group>"; };
		BCF8E4982E20037700B719FB /* DatePickerView.swift */ = {isa = PBXFileReference; lastKnownFileType = sourcecode.swift; path = DatePickerView.swift; sourceTree = "<group>"; };
		BCF8E49A2E20082E00B719FB /* 2025_07_10_PickerCustomView.swift */ = {isa = PBXFileReference; lastKnownFileType = sourcecode.swift; path = 2025_07_10_PickerCustomView.swift; sourceTree = "<group>"; };
		BCFBC84E2E0D27410033E563 /* CalenderView.swift */ = {isa = PBXFileReference; lastKnownFileType = sourcecode.swift; path = CalenderView.swift; sourceTree = "<group>"; };
		BCFBC8502E0D2D070033E563 /* HCalendarView.swift */ = {isa = PBXFileReference; lastKnownFileType = sourcecode.swift; path = HCalendarView.swift; sourceTree = "<group>"; };
		BCFDF4432E0322EA002AE09E /* PinnedScrollableViews.swift */ = {isa = PBXFileReference; lastKnownFileType = sourcecode.swift; path = PinnedScrollableViews.swift; sourceTree = "<group>"; };
		BCFDF4472E0390FA002AE09E /* CustomTapGestureView.swift */ = {isa = PBXFileReference; lastKnownFileType = sourcecode.swift; path = CustomTapGestureView.swift; sourceTree = "<group>"; };
		BCFDF44B2E039CC7002AE09E /* onTapGestureView.swift */ = {isa = PBXFileReference; lastKnownFileType = sourcecode.swift; path = onTapGestureView.swift; sourceTree = "<group>"; };
/* End PBXFileReference section */

/* Begin PBXFileSystemSynchronizedRootGroup section */
		BC2027AD2DF9926B00B1CC27 /* SwiftStyTests */ = {
			isa = PBXFileSystemSynchronizedRootGroup;
			path = SwiftStyTests;
			sourceTree = "<group>";
		};
		BC2027B72DF9926B00B1CC27 /* SwiftStyUITests */ = {
			isa = PBXFileSystemSynchronizedRootGroup;
			path = SwiftStyUITests;
			sourceTree = "<group>";
		};
		BC756E912E1193A000B07C89 /* animations */ = {
			isa = PBXFileSystemSynchronizedRootGroup;
			path = animations;
			sourceTree = "<group>";
		};
		BCC1CDAA2E3BC87100AD07C4 /* 08 */ = {
			isa = PBXFileSystemSynchronizedRootGroup;
			path = 08;
			sourceTree = "<group>";
		};
		BCD71CE42E0C36CA0070ADC9 /* VideoPlayer */ = {
			isa = PBXFileSystemSynchronizedRootGroup;
			path = VideoPlayer;
			sourceTree = "<group>";
		};
/* End PBXFileSystemSynchronizedRootGroup section */

/* Begin PBXFrameworksBuildPhase section */
		BC20279A2DF9926900B1CC27 /* Frameworks */ = {
			isa = PBXFrameworksBuildPhase;
			buildActionMask = 2147483647;
			files = (
				BCAA73CA2E5CD3C1000DDABA /* Lottie in Frameworks */,
			);
			runOnlyForDeploymentPostprocessing = 0;
		};
		BC2027A72DF9926B00B1CC27 /* Frameworks */ = {
			isa = PBXFrameworksBuildPhase;
			buildActionMask = 2147483647;
			files = (
			);
			runOnlyForDeploymentPostprocessing = 0;
		};
		BC2027B12DF9926B00B1CC27 /* Frameworks */ = {
			isa = PBXFrameworksBuildPhase;
			buildActionMask = 2147483647;
			files = (
			);
			runOnlyForDeploymentPostprocessing = 0;
		};
/* End PBXFrameworksBuildPhase section */

/* Begin PBXGroup section */
		BC0818D62E6526C400BC0C50 /* 09 */ = {
			isa = PBXGroup;
			children = (
				BC10DD4A2E69DAF5008A302A /* 2025_09_04_GeometryReaderView.swift */,
				BCD814BF2E67F7710070D9B4 /* 2025_09_03 */,
				BCD814BD2E675CB20070D9B4 /* 2025_09_02_PerformanceTestView.swift */,
				BCA6C5982E65EB590002FCF0 /* 2025_09_01_VisionOSApp.swift */,
			);
			path = 09;
			sourceTree = "<group>";
		};
		BC2027942DF9926900B1CC27 = {
			isa = PBXGroup;
			children = (
				BCB3BFE52DFBD02E001B2DDE /* SwiftSty */,
				BC2027AD2DF9926B00B1CC27 /* SwiftStyTests */,
				BC2027B72DF9926B00B1CC27 /* SwiftStyUITests */,
				BCAA73C82E5CD3C1000DDABA /* Frameworks */,
				BC20279E2DF9926900B1CC27 /* Products */,
			);
			sourceTree = "<group>";
		};
		BC20279E2DF9926900B1CC27 /* Products */ = {
			isa = PBXGroup;
			children = (
				BC20279D2DF9926900B1CC27 /* SwiftSty.app */,
				BC2027AA2DF9926B00B1CC27 /* SwiftStyTests.xctest */,
				BC2027B42DF9926B00B1CC27 /* SwiftStyUITests.xctest */,
			);
			name = Products;
			sourceTree = "<group>";
		};
		BCA59B402DFDF2CB0001EF7D /* Charts */ = {
			isa = PBXGroup;
			children = (
				BCA59B492DFDFEAB0001EF7D /* RectangleMarkView.swift */,
				BCA59B472DFDFDCB0001EF7D /* RuleMarkView.swift */,
				BCA59B452DFDFBFE0001EF7D /* AreaMarkView.swift */,
				BCA59B432DFDFADB0001EF7D /* LineMarkView.swift */,
				BCA59B412DFDF6FF0001EF7D /* PointMarkView.swift */,
				BCA59B3E2DFDE4890001EF7D /* BarMarkView.swift */,
			);
			path = Charts;
			sourceTree = "<group>";
		};
		BCAA73C82E5CD3C1000DDABA /* Frameworks */ = {
			isa = PBXGroup;
			children = (
			);
			name = Frameworks;
			sourceTree = "<group>";
		};
		BCAC4C0D2E20F0A200E06946 /* 2025 */ = {
			isa = PBXGroup;
			children = (
				BC0818D62E6526C400BC0C50 /* 09 */,
				BCC1CDAA2E3BC87100AD07C4 /* 08 */,
				BCAC4C0E2E20F0D100E06946 /* 07 */,
				BCD71CE42E0C36CA0070ADC9 /* VideoPlayer */,
				BCB3BFEB2DFC771D001B2DDE /* UI */,
				BCB3BFEA2DFBD034001B2DDE /* Function */,
			);
			path = 2025;
			sourceTree = "<group>";
		};
		BCAC4C0E2E20F0D100E06946 /* 07 */ = {
			isa = PBXGroup;
			children = (
				BCC1CD732E3A94E100AD07C4 /* 2025_07_31_onDragonDropView.swift */,
				BCC1CD712E3A2CD200AD07C4 /* 2025_07_30_DragDropView.swift */,
				BCA2565F2E37E0B900F51289 /* 2025_07_29_PasteButtonView.swift */,
				BCA2565D2E36831500F51289 /* 2025_07_28_ScrollOffsetView.swift */,
				BCA2565B2E353E9F00F51289 /* 2025_07_27_ShareLinkView.swift */,
				BCBDDD0B2E33E8F4007C51F7 /* 2025_07_26_blendModeView.swift */,
				BCF39E932E328FF000E1FCF2 /* 2025_07_25_compositingGroupView.swift */,
				BC75B52E2E3148E100C6BF9B /* 2025_07_24_ChipsContainerMainView.swift */,
				BC75B52C2E3147C600C6BF9B /* 2025_07_24_ChipsView.swift */,
				BC75B52A2E2FF07B00C6BF9B /* 2025_07_23_blurView.swift */,
				BC75B5282E2FEF4200C6BF9B /* 2025_07_23_shadowView.swift */,
				BCE22DAB2E2EB90600BBDD14 /* 2025_07_22_maskView.swift */,
				BCE22DAD2E2EB9A900BBDD14 /* 2025_07_22_trimView.swift */,
				BCE22D062E2E1A5500BBDD14 /* 2025_07_21_MagnifyGestureView.swift */,
				BC0253072E2D2C4A00504074 /* 2025_07_20_BorderlessButtonStyleView.swift */,
				BC0253052E28F26000504074 /* 2025_07_17_allowsHitTestingView.swift */,
				BCAC4C0A2E20ED7E00E06946 /* 2025_07_11_ScrollViewRepresentableView.swift */,
				BCF8E49A2E20082E00B719FB /* 2025_07_10_PickerCustomView.swift */,
				BCF8E4982E20037700B719FB /* DatePickerView.swift */,
				BCF8E47E2E1EB78E00B719FB /* onChangeView.swift */,
				BCF8E4652E1C2FBA00B719FB /* monospaced */,
				BCF8E3BB2E1ADF1B00B719FB /* StickyView.swift */,
				BCF8E3B92E1AD8AC00B719FB /* CustomTabView .swift */,
				BCF8E3132E1988FF00B719FB /* TooltipShapeView.swift */,
				BCF8E3112E19745300B719FB /* NotificationView.swift */,
				BC756E912E1193A000B07C89 /* animations */,
				BCEE41552E0F34B7002AC57E /* AnimationsView.swift */,
			);
			path = 07;
			sourceTree = "<group>";
		};
		BCB3BFE52DFBD02E001B2DDE /* SwiftSty */ = {
			isa = PBXGroup;
			children = (
				BCF345B72E60905D000B7196 /* Info.plist */,
				BCF345B62E608F08000B7196 /* SwiftSty.entitlements */,
				BCAC4C0D2E20F0A200E06946 /* 2025 */,
				BCB3BFE22DFBD02E001B2DDE /* Assets.xcassets */,
				BCB3BFE32DFBD02E001B2DDE /* SwiftStyApp.swift */,
			);
			path = SwiftSty;
			sourceTree = "<group>";
		};
		BCB3BFEA2DFBD034001B2DDE /* Function */ = {
			isa = PBXGroup;
			children = (
				BCF6671D2E0AF97A00C8B475 /* TextView.swift */,
				BC2447372DFF0B4500E10A17 /* redactedView.swift */,
				BCA59B4D2DFE71C80001EF7D /* NavigationStackView.swift */,
				BCA59B402DFDF2CB0001EF7D /* Charts */,
				BCB3BFE12DFBD02E001B2DDE /* ActivityView.swift */,
				BCB3BFE42DFBD02E001B2DDE /* swipeActions.swift */,
			);
			path = Function;
			sourceTree = "<group>";
		};
		BCB3BFEB2DFC771D001B2DDE /* UI */ = {
			isa = PBXGroup;
			children = (
				BCFBC84E2E0D27410033E563 /* CalenderView.swift */,
				BCFBC8502E0D2D070033E563 /* HCalendarView.swift */,
				BCF667272E0B228800C8B475 /* lineSpacingView.swift */,
				BCF667252E0B1D8D00C8B475 /* SpacingView.swift */,
				BCF5AE1D2E09A30A0074E06A /* RefreshActionView.swift */,
				BCF5AE172E084E480074E06A /* renderingModeView.swift */,
				BCAB50982E06A859002E5837 /* LazyHGridView.swift */,
				BCAB50962E06A7A2002E5837 /* LazyVGridView.swift */,
				BCBEBCF22E0593AB006EFA81 /* OverlayView.swift */,
				BCFDF44B2E039CC7002AE09E /* onTapGestureView.swift */,
				BCFDF4472E0390FA002AE09E /* CustomTapGestureView.swift */,
				BCFDF4432E0322EA002AE09E /* PinnedScrollableViews.swift */,
				BC2447BB2E0030F000E10A17 /* ScrollViewReader.swift */,
				BC2447B92E000E3900E10A17 /* OutlineGroupView.swift */,
				BC2447B72DFFF9EB00E10A17 /* DisclosureGroupView.swift */,
				BCA59B3C2DFDC4960001EF7D /* TabView.swift */,
				BCB3BFEE2DFC7CAF001B2DDE /* lineLimit.swift */,
				BCB3BFF02DFC7DCE001B2DDE /* lineSpacing.swift */,
				BCB3BFEC2DFC772A001B2DDE /* multilineTextAlignment.swift */,
				BCF5AE1B2E0994F80074E06A /* refreshableView.swift */,
			);
			path = UI;
			sourceTree = "<group>";
		};
		BCD814BF2E67F7710070D9B4 /* 2025_09_03 */ = {
			isa = PBXGroup;
			children = (
				BCD814C22E67F7BA0070D9B4 /* parentsView.swift */,
				BCD814C02E67F7900070D9B4 /* BindingView.swift */,
			);
			path = 2025_09_03;
			sourceTree = "<group>";
		};
		BCF8E4652E1C2FBA00B719FB /* monospaced */ = {
			isa = PBXGroup;
			children = (
				BCF8E4632E1C2F7300B719FB /* FontMonospacedView.swift */,
				BCF8E4612E1C2F2B00B719FB /* MonospacedDigitView.swift */,
				BCF8E45F2E1C2EC400B719FB /* MonospacedView.swift */,
			);
			path = monospaced;
			sourceTree = "<group>";
		};
/* End PBXGroup section */

/* Begin PBXNativeTarget section */
		BC20279C2DF9926900B1CC27 /* SwiftSty */ = {
			isa = PBXNativeTarget;
			buildConfigurationList = BC2027BE2DF9926B00B1CC27 /* Build configuration list for PBXNativeTarget "SwiftSty" */;
			buildPhases = (
				BC2027992DF9926900B1CC27 /* Sources */,
				BC20279A2DF9926900B1CC27 /* Frameworks */,
				BC20279B2DF9926900B1CC27 /* Resources */,
				BCAA73CE2E5CD3C5000DDABA /* Embed Frameworks */,
			);
			buildRules = (
			);
			dependencies = (
			);
			fileSystemSynchronizedGroups = (
				BC756E912E1193A000B07C89 /* animations */,
				BCC1CDAA2E3BC87100AD07C4 /* 08 */,
				BCD71CE42E0C36CA0070ADC9 /* VideoPlayer */,
			);
			name = SwiftSty;
			packageProductDependencies = (
				BCAA73C92E5CD3C1000DDABA /* Lottie */,
			);
			productName = SwiftSty;
			productReference = BC20279D2DF9926900B1CC27 /* SwiftSty.app */;
			productType = "com.apple.product-type.application";
		};
		BC2027A92DF9926B00B1CC27 /* SwiftStyTests */ = {
			isa = PBXNativeTarget;
			buildConfigurationList = BC2027C12DF9926B00B1CC27 /* Build configuration list for PBXNativeTarget "SwiftStyTests" */;
			buildPhases = (
				BC2027A62DF9926B00B1CC27 /* Sources */,
				BC2027A72DF9926B00B1CC27 /* Frameworks */,
				BC2027A82DF9926B00B1CC27 /* Resources */,
			);
			buildRules = (
			);
			dependencies = (
				BC2027AC2DF9926B00B1CC27 /* PBXTargetDependency */,
			);
			fileSystemSynchronizedGroups = (
				BC2027AD2DF9926B00B1CC27 /* SwiftStyTests */,
			);
			name = SwiftStyTests;
			packageProductDependencies = (
			);
			productName = SwiftStyTests;
			productReference = BC2027AA2DF9926B00B1CC27 /* SwiftStyTests.xctest */;
			productType = "com.apple.product-type.bundle.unit-test";
		};
		BC2027B32DF9926B00B1CC27 /* SwiftStyUITests */ = {
			isa = PBXNativeTarget;
			buildConfigurationList = BC2027C42DF9926B00B1CC27 /* Build configuration list for PBXNativeTarget "SwiftStyUITests" */;
			buildPhases = (
				BC2027B02DF9926B00B1CC27 /* Sources */,
				BC2027B12DF9926B00B1CC27 /* Frameworks */,
				BC2027B22DF9926B00B1CC27 /* Resources */,
			);
			buildRules = (
			);
			dependencies = (
				BC2027B62DF9926B00B1CC27 /* PBXTargetDependency */,
			);
			fileSystemSynchronizedGroups = (
				BC2027B72DF9926B00B1CC27 /* SwiftStyUITests */,
			);
			name = SwiftStyUITests;
			packageProductDependencies = (
			);
			productName = SwiftStyUITests;
			productReference = BC2027B42DF9926B00B1CC27 /* SwiftStyUITests.xctest */;
			productType = "com.apple.product-type.bundle.ui-testing";
		};
/* End PBXNativeTarget section */

/* Begin PBXProject section */
		BC2027952DF9926900B1CC27 /* Project object */ = {
			isa = PBXProject;
			attributes = {
				BuildIndependentTargetsInParallel = 1;
				LastSwiftUpdateCheck = 1630;
				LastUpgradeCheck = 2600;
				TargetAttributes = {
					BC20279C2DF9926900B1CC27 = {
						CreatedOnToolsVersion = 16.3;
					};
					BC2027A92DF9926B00B1CC27 = {
						CreatedOnToolsVersion = 16.3;
						TestTargetID = BC20279C2DF9926900B1CC27;
					};
					BC2027B32DF9926B00B1CC27 = {
						CreatedOnToolsVersion = 16.3;
						TestTargetID = BC20279C2DF9926900B1CC27;
					};
				};
			};
			buildConfigurationList = BC2027982DF9926900B1CC27 /* Build configuration list for PBXProject "SwiftSty" */;
			developmentRegion = en;
			hasScannedForEncodings = 0;
			knownRegions = (
				en,
				Base,
			);
			mainGroup = BC2027942DF9926900B1CC27;
			minimizedProjectReferenceProxies = 1;
			packageReferences = (
				BCAA73C72E5CD387000DDABA /* XCRemoteSwiftPackageReference "lottie-ios" */,
			);
			preferredProjectObjectVersion = 77;
			productRefGroup = BC20279E2DF9926900B1CC27 /* Products */;
			projectDirPath = "";
			projectRoot = "";
			targets = (
				BC20279C2DF9926900B1CC27 /* SwiftSty */,
				BC2027A92DF9926B00B1CC27 /* SwiftStyTests */,
				BC2027B32DF9926B00B1CC27 /* SwiftStyUITests */,
			);
		};
/* End PBXProject section */

/* Begin PBXResourcesBuildPhase section */
		BC20279B2DF9926900B1CC27 /* Resources */ = {
			isa = PBXResourcesBuildPhase;
			buildActionMask = 2147483647;
			files = (
				BCB3BFE62DFBD02E001B2DDE /* Assets.xcassets in Resources */,
			);
			runOnlyForDeploymentPostprocessing = 0;
		};
		BC2027A82DF9926B00B1CC27 /* Resources */ = {
			isa = PBXResourcesBuildPhase;
			buildActionMask = 2147483647;
			files = (
			);
			runOnlyForDeploymentPostprocessing = 0;
		};
		BC2027B22DF9926B00B1CC27 /* Resources */ = {
			isa = PBXResourcesBuildPhase;
			buildActionMask = 2147483647;
			files = (
			);
			runOnlyForDeploymentPostprocessing = 0;
		};
/* End PBXResourcesBuildPhase section */

/* Begin PBXSourcesBuildPhase section */
		BC2027992DF9926900B1CC27 /* Sources */ = {
			isa = PBXSourcesBuildPhase;
			buildActionMask = 2147483647;
			files = (
				BC2447BA2E000E3F00E10A17 /* OutlineGroupView.swift in Sources */,
				BCC1CD722E3A2CE800AD07C4 /* 2025_07_30_DragDropView.swift in Sources */,
				BCD814C12E67F7B30070D9B4 /* BindingView.swift in Sources */,
				BCF8E4642E1C2F7400B719FB /* FontMonospacedView.swift in Sources */,
				BCFDF4482E039101002AE09E /* CustomTapGestureView.swift in Sources */,
				BCFBC84F2E0D274F0033E563 /* CalenderView.swift in Sources */,
				BCA59B3F2DFDE48E0001EF7D /* BarMarkView.swift in Sources */,
				BCF5AE182E084E4B0074E06A /* renderingModeView.swift in Sources */,
				BCFDF44C2E039CCA002AE09E /* onTapGestureView.swift in Sources */,
				BCF8E3BA2E1AD8B000B719FB /* CustomTabView .swift in Sources */,
				BCB3BFE72DFBD02E001B2DDE /* ActivityView.swift in Sources */,
				BCF8E4992E20037E00B719FB /* DatePickerView.swift in Sources */,
				BCA59B482DFDFDCC0001EF7D /* RuleMarkView.swift in Sources */,
				BC2447BC2E0030FB00E10A17 /* ScrollViewReader.swift in Sources */,
				BCD814C32E67F7DB0070D9B4 /* parentsView.swift in Sources */,
				BCA59B462DFDFC030001EF7D /* AreaMarkView.swift in Sources */,
				BCB3BFE82DFBD02E001B2DDE /* SwiftStyApp.swift in Sources */,
				BC75B52F2E3148F000C6BF9B /* 2025_07_24_ChipsContainerMainView.swift in Sources */,
				BCBDDD0C2E33E909007C51F7 /* 2025_07_26_blendModeView.swift in Sources */,
				BCBEBCF32E0593B0006EFA81 /* OverlayView.swift in Sources */,
				BCF8E3142E19890200B719FB /* TooltipShapeView.swift in Sources */,
				BCF667262E0B1DA400C8B475 /* SpacingView.swift in Sources */,
				BCF8E4602E1C2EC800B719FB /* MonospacedView.swift in Sources */,
				BC0253082E2D2C5900504074 /* 2025_07_20_BorderlessButtonStyleView.swift in Sources */,
				BCAC4C0B2E20ED8300E06946 /* 2025_07_11_ScrollViewRepresentableView.swift in Sources */,
				BCE22DAC2E2EB92500BBDD14 /* 2025_07_22_maskView.swift in Sources */,
				BCF5AE1E2E09A30B0074E06A /* RefreshActionView.swift in Sources */,
				BCF8E3BC2E1ADF2600B719FB /* StickyView.swift in Sources */,
				BCA2565C2E353EAB00F51289 /* 2025_07_27_ShareLinkView.swift in Sources */,
				BCA59B422DFDF7030001EF7D /* PointMarkView.swift in Sources */,
				BC0253062E28F27700504074 /* 2025_07_17_allowsHitTestingView.swift in Sources */,
				BCF39E942E32900100E1FCF2 /* 2025_07_25_compositingGroupView.swift in Sources */,
				BCB3BFED2DFC772B001B2DDE /* multilineTextAlignment.swift in Sources */,
				BCF8E47F2E1EB7A600B719FB /* onChangeView.swift in Sources */,
				BCA59B442DFDFAE40001EF7D /* LineMarkView.swift in Sources */,
				BCA6C5992E65EB6B0002FCF0 /* 2025_09_01_VisionOSApp.swift in Sources */,
				BC75B52D2E3147D100C6BF9B /* 2025_07_24_ChipsView.swift in Sources */,
				BC2447382DFF0B4700E10A17 /* redactedView.swift in Sources */,
				BCFBC8512E0D2D0F0033E563 /* HCalendarView.swift in Sources */,
				BCD814BE2E675D110070D9B4 /* 2025_09_02_PerformanceTestView.swift in Sources */,
				BCAB50972E06A7A5002E5837 /* LazyVGridView.swift in Sources */,
				BCF8E49B2E20084100B719FB /* 2025_07_10_PickerCustomView.swift in Sources */,
				BCF6671E2E0AF98600C8B475 /* TextView.swift in Sources */,
				BC75B5292E2FEF4F00C6BF9B /* 2025_07_23_shadowView.swift in Sources */,
				BCF5AE1C2E0995000074E06A /* refreshableView.swift in Sources */,
				BCAB50992E06A85C002E5837 /* LazyHGridView.swift in Sources */,
				BCE22DAE2E2EB9A900BBDD14 /* 2025_07_22_trimView.swift in Sources */,
				BCC1CD742E3A951100AD07C4 /* 2025_07_31_onDragonDropView.swift in Sources */,
				BC2447B82DFFF9EE00E10A17 /* DisclosureGroupView.swift in Sources */,
				BCEE41562E0F34C9002AC57E /* AnimationsView.swift in Sources */,
				BCF667282E0B228C00C8B475 /* lineSpacingView.swift in Sources */,
				BCF8E3122E19745800B719FB /* NotificationView.swift in Sources */,
				BCB3BFEF2DFC7CB0001B2DDE /* lineLimit.swift in Sources */,
				BCF8E4622E1C2F2C00B719FB /* MonospacedDigitView.swift in Sources */,
				BCA59B3D2DFDC4980001EF7D /* TabView.swift in Sources */,
				BCFDF4442E0322F0002AE09E /* PinnedScrollableViews.swift in Sources */,
				BC75B52B2E2FF09200C6BF9B /* 2025_07_23_blurView.swift in Sources */,
				BCA2565E2E36832E00F51289 /* 2025_07_28_ScrollOffsetView.swift in Sources */,
				BC10DD4B2E69DB03008A302A /* 2025_09_04_GeometryReaderView.swift in Sources */,
				BCE22D072E2E1A6100BBDD14 /* 2025_07_21_MagnifyGestureView.swift in Sources */,
				BCA256602E37E0CD00F51289 /* 2025_07_29_PasteButtonView.swift in Sources */,
				BCB3BFE92DFBD02E001B2DDE /* swipeActions.swift in Sources */,
				BCA59B4A2DFDFEAE0001EF7D /* RectangleMarkView.swift in Sources */,
				BCA59B4E2DFE71C80001EF7D /* NavigationStackView.swift in Sources */,
				BCB3BFF12DFC7DCF001B2DDE /* lineSpacing.swift in Sources */,
			);
			runOnlyForDeploymentPostprocessing = 0;
		};
		BC2027A62DF9926B00B1CC27 /* Sources */ = {
			isa = PBXSourcesBuildPhase;
			buildActionMask = 2147483647;
			files = (
			);
			runOnlyForDeploymentPostprocessing = 0;
		};
		BC2027B02DF9926B00B1CC27 /* Sources */ = {
			isa = PBXSourcesBuildPhase;
			buildActionMask = 2147483647;
			files = (
			);
			runOnlyForDeploymentPostprocessing = 0;
		};
/* End PBXSourcesBuildPhase section */

/* Begin PBXTargetDependency section */
		BC2027AC2DF9926B00B1CC27 /* PBXTargetDependency */ = {
			isa = PBXTargetDependency;
			target = BC20279C2DF9926900B1CC27 /* SwiftSty */;
			targetProxy = BC2027AB2DF9926B00B1CC27 /* PBXContainerItemProxy */;
		};
		BC2027B62DF9926B00B1CC27 /* PBXTargetDependency */ = {
			isa = PBXTargetDependency;
			target = BC20279C2DF9926900B1CC27 /* SwiftSty */;
			targetProxy = BC2027B52DF9926B00B1CC27 /* PBXContainerItemProxy */;
		};
/* End PBXTargetDependency section */

/* Begin XCBuildConfiguration section */
		BC2027BC2DF9926B00B1CC27 /* Debug */ = {
			isa = XCBuildConfiguration;
			buildSettings = {
				ALWAYS_SEARCH_USER_PATHS = NO;
				ASSETCATALOG_COMPILER_GENERATE_SWIFT_ASSET_SYMBOL_EXTENSIONS = YES;
				CLANG_ANALYZER_NONNULL = YES;
				CLANG_ANALYZER_NUMBER_OBJECT_CONVERSION = YES_AGGRESSIVE;
				CLANG_CXX_LANGUAGE_STANDARD = "gnu++20";
				CLANG_ENABLE_MODULES = YES;
				CLANG_ENABLE_OBJC_ARC = YES;
				CLANG_ENABLE_OBJC_WEAK = YES;
				CLANG_WARN_BLOCK_CAPTURE_AUTORELEASING = YES;
				CLANG_WARN_BOOL_CONVERSION = YES;
				CLANG_WARN_COMMA = YES;
				CLANG_WARN_CONSTANT_CONVERSION = YES;
				CLANG_WARN_DEPRECATED_OBJC_IMPLEMENTATIONS = YES;
				CLANG_WARN_DIRECT_OBJC_ISA_USAGE = YES_ERROR;
				CLANG_WARN_DOCUMENTATION_COMMENTS = YES;
				CLANG_WARN_EMPTY_BODY = YES;
				CLANG_WARN_ENUM_CONVERSION = YES;
				CLANG_WARN_INFINITE_RECURSION = YES;
				CLANG_WARN_INT_CONVERSION = YES;
				CLANG_WARN_NON_LITERAL_NULL_CONVERSION = YES;
				CLANG_WARN_OBJC_IMPLICIT_RETAIN_SELF = YES;
				CLANG_WARN_OBJC_LITERAL_CONVERSION = YES;
				CLANG_WARN_OBJC_ROOT_CLASS = YES_ERROR;
				CLANG_WARN_QUOTED_INCLUDE_IN_FRAMEWORK_HEADER = YES;
				CLANG_WARN_RANGE_LOOP_ANALYSIS = YES;
				CLANG_WARN_STRICT_PROTOTYPES = YES;
				CLANG_WARN_SUSPICIOUS_MOVE = YES;
				CLANG_WARN_UNGUARDED_AVAILABILITY = YES_AGGRESSIVE;
				CLANG_WARN_UNREACHABLE_CODE = YES;
				CLANG_WARN__DUPLICATE_METHOD_MATCH = YES;
				COPY_PHASE_STRIP = NO;
				DEBUG_INFORMATION_FORMAT = dwarf;
				ENABLE_STRICT_OBJC_MSGSEND = YES;
				ENABLE_TESTABILITY = YES;
				ENABLE_USER_SCRIPT_SANDBOXING = YES;
				GCC_C_LANGUAGE_STANDARD = gnu17;
				GCC_DYNAMIC_NO_PIC = NO;
				GCC_NO_COMMON_BLOCKS = YES;
				GCC_OPTIMIZATION_LEVEL = 0;
				GCC_PREPROCESSOR_DEFINITIONS = (
					"DEBUG=1",
					"$(inherited)",
				);
				GCC_WARN_64_TO_32_BIT_CONVERSION = YES;
				GCC_WARN_ABOUT_RETURN_TYPE = YES_ERROR;
				GCC_WARN_UNDECLARED_SELECTOR = YES;
				GCC_WARN_UNINITIALIZED_AUTOS = YES_AGGRESSIVE;
				GCC_WARN_UNUSED_FUNCTION = YES;
				GCC_WARN_UNUSED_VARIABLE = YES;
				IPHONEOS_DEPLOYMENT_TARGET = 18.4;
				LOCALIZATION_PREFERS_STRING_CATALOGS = YES;
				MTL_ENABLE_DEBUG_INFO = INCLUDE_SOURCE;
				MTL_FAST_MATH = YES;
				ONLY_ACTIVE_ARCH = YES;
				SDKROOT = iphoneos;
				STRING_CATALOG_GENERATE_SYMBOLS = YES;
				SWIFT_ACTIVE_COMPILATION_CONDITIONS = "DEBUG $(inherited)";
				SWIFT_OPTIMIZATION_LEVEL = "-Onone";
			};
			name = Debug;
		};
		BC2027BD2DF9926B00B1CC27 /* Release */ = {
			isa = XCBuildConfiguration;
			buildSettings = {
				ALWAYS_SEARCH_USER_PATHS = NO;
				ASSETCATALOG_COMPILER_GENERATE_SWIFT_ASSET_SYMBOL_EXTENSIONS = YES;
				CLANG_ANALYZER_NONNULL = YES;
				CLANG_ANALYZER_NUMBER_OBJECT_CONVERSION = YES_AGGRESSIVE;
				CLANG_CXX_LANGUAGE_STANDARD = "gnu++20";
				CLANG_ENABLE_MODULES = YES;
				CLANG_ENABLE_OBJC_ARC = YES;
				CLANG_ENABLE_OBJC_WEAK = YES;
				CLANG_WARN_BLOCK_CAPTURE_AUTORELEASING = YES;
				CLANG_WARN_BOOL_CONVERSION = YES;
				CLANG_WARN_COMMA = YES;
				CLANG_WARN_CONSTANT_CONVERSION = YES;
				CLANG_WARN_DEPRECATED_OBJC_IMPLEMENTATIONS = YES;
				CLANG_WARN_DIRECT_OBJC_ISA_USAGE = YES_ERROR;
				CLANG_WARN_DOCUMENTATION_COMMENTS = YES;
				CLANG_WARN_EMPTY_BODY = YES;
				CLANG_WARN_ENUM_CONVERSION = YES;
				CLANG_WARN_INFINITE_RECURSION = YES;
				CLANG_WARN_INT_CONVERSION = YES;
				CLANG_WARN_NON_LITERAL_NULL_CONVERSION = YES;
				CLANG_WARN_OBJC_IMPLICIT_RETAIN_SELF = YES;
				CLANG_WARN_OBJC_LITERAL_CONVERSION = YES;
				CLANG_WARN_OBJC_ROOT_CLASS = YES_ERROR;
				CLANG_WARN_QUOTED_INCLUDE_IN_FRAMEWORK_HEADER = YES;
				CLANG_WARN_RANGE_LOOP_ANALYSIS = YES;
				CLANG_WARN_STRICT_PROTOTYPES = YES;
				CLANG_WARN_SUSPICIOUS_MOVE = YES;
				CLANG_WARN_UNGUARDED_AVAILABILITY = YES_AGGRESSIVE;
				CLANG_WARN_UNREACHABLE_CODE = YES;
				CLANG_WARN__DUPLICATE_METHOD_MATCH = YES;
				COPY_PHASE_STRIP = NO;
				DEBUG_INFORMATION_FORMAT = "dwarf-with-dsym";
				ENABLE_NS_ASSERTIONS = NO;
				ENABLE_STRICT_OBJC_MSGSEND = YES;
				ENABLE_USER_SCRIPT_SANDBOXING = YES;
				GCC_C_LANGUAGE_STANDARD = gnu17;
				GCC_NO_COMMON_BLOCKS = YES;
				GCC_WARN_64_TO_32_BIT_CONVERSION = YES;
				GCC_WARN_ABOUT_RETURN_TYPE = YES_ERROR;
				GCC_WARN_UNDECLARED_SELECTOR = YES;
				GCC_WARN_UNINITIALIZED_AUTOS = YES_AGGRESSIVE;
				GCC_WARN_UNUSED_FUNCTION = YES;
				GCC_WARN_UNUSED_VARIABLE = YES;
				IPHONEOS_DEPLOYMENT_TARGET = 18.4;
				LOCALIZATION_PREFERS_STRING_CATALOGS = YES;
				MTL_ENABLE_DEBUG_INFO = NO;
				MTL_FAST_MATH = YES;
				SDKROOT = iphoneos;
				STRING_CATALOG_GENERATE_SYMBOLS = YES;
				SWIFT_COMPILATION_MODE = wholemodule;
				VALIDATE_PRODUCT = YES;
			};
			name = Release;
		};
		BC2027BF2DF9926B00B1CC27 /* Debug */ = {
			isa = XCBuildConfiguration;
			buildSettings = {
				ASSETCATALOG_COMPILER_APPICON_NAME = AppIcon;
				ASSETCATALOG_COMPILER_GLOBAL_ACCENT_COLOR_NAME = AccentColor;
				CODE_SIGN_ENTITLEMENTS = SwiftSty/SwiftSty.entitlements;
				CODE_SIGN_STYLE = Automatic;
				CURRENT_PROJECT_VERSION = 1;
				DEVELOPMENT_TEAM = QLF22M2925;
				ENABLE_PREVIEWS = YES;
				GENERATE_INFOPLIST_FILE = YES;
				INFOPLIST_FILE = SwiftSty/Info.plist;
				INFOPLIST_KEY_NSHealthClinicalHealthRecordsShareUsageDescription = "사용자 건강 정보를 가져옵니다.";
				INFOPLIST_KEY_NSHealthShareUsageDescription = "수면 데이터를 읽어와 맞춤형 리포트를 제공합니다.";
				INFOPLIST_KEY_NSPhotoLibraryUsageDescription = "이미지를 불러오기를 위한 라이브러리입니다";
				INFOPLIST_KEY_UIApplicationSceneManifest_Generation = YES;
				INFOPLIST_KEY_UIApplicationSupportsIndirectInputEvents = YES;
				INFOPLIST_KEY_UILaunchScreen_Generation = YES;
				INFOPLIST_KEY_UISupportedInterfaceOrientations_iPad = "UIInterfaceOrientationPortrait UIInterfaceOrientationPortraitUpsideDown UIInterfaceOrientationLandscapeLeft UIInterfaceOrientationLandscapeRight";
				INFOPLIST_KEY_UISupportedInterfaceOrientations_iPhone = "UIInterfaceOrientationPortrait UIInterfaceOrientationLandscapeLeft UIInterfaceOrientationLandscapeRight";
				LD_RUNPATH_SEARCH_PATHS = (
					"$(inherited)",
					"@executable_path/Frameworks",
				);
				MARKETING_VERSION = 1.0;
				PRODUCT_BUNDLE_IDENTIFIER = start.SwiftSty;
				PRODUCT_NAME = "$(TARGET_NAME)";
				SWIFT_EMIT_LOC_STRINGS = YES;
				SWIFT_VERSION = 5.0;
				TARGETED_DEVICE_FAMILY = "1,2";
			};
			name = Debug;
		};
		BC2027C02DF9926B00B1CC27 /* Release */ = {
			isa = XCBuildConfiguration;
			buildSettings = {
				ASSETCATALOG_COMPILER_APPICON_NAME = AppIcon;
				ASSETCATALOG_COMPILER_GLOBAL_ACCENT_COLOR_NAME = AccentColor;
				CODE_SIGN_ENTITLEMENTS = SwiftSty/SwiftSty.entitlements;
				CODE_SIGN_STYLE = Automatic;
				CURRENT_PROJECT_VERSION = 1;
				DEVELOPMENT_TEAM = QLF22M2925;
				ENABLE_PREVIEWS = YES;
				GENERATE_INFOPLIST_FILE = YES;
				INFOPLIST_FILE = SwiftSty/Info.plist;
				INFOPLIST_KEY_NSHealthClinicalHealthRecordsShareUsageDescription = "사용자 건강 정보를 가져옵니다.";
				INFOPLIST_KEY_NSHealthShareUsageDescription = "수면 데이터를 읽어와 맞춤형 리포트를 제공합니다.";
				INFOPLIST_KEY_NSPhotoLibraryUsageDescription = "이미지를 불러오기를 위한 라이브러리입니다";
				INFOPLIST_KEY_UIApplicationSceneManifest_Generation = YES;
				INFOPLIST_KEY_UIApplicationSupportsIndirectInputEvents = YES;
				INFOPLIST_KEY_UILaunchScreen_Generation = YES;
				INFOPLIST_KEY_UISupportedInterfaceOrientations_iPad = "UIInterfaceOrientationPortrait UIInterfaceOrientationPortraitUpsideDown UIInterfaceOrientationLandscapeLeft UIInterfaceOrientationLandscapeRight";
				INFOPLIST_KEY_UISupportedInterfaceOrientations_iPhone = "UIInterfaceOrientationPortrait UIInterfaceOrientationLandscapeLeft UIInterfaceOrientationLandscapeRight";
				LD_RUNPATH_SEARCH_PATHS = (
					"$(inherited)",
					"@executable_path/Frameworks",
				);
				MARKETING_VERSION = 1.0;
				PRODUCT_BUNDLE_IDENTIFIER = start.SwiftSty;
				PRODUCT_NAME = "$(TARGET_NAME)";
				SWIFT_EMIT_LOC_STRINGS = YES;
				SWIFT_VERSION = 5.0;
				TARGETED_DEVICE_FAMILY = "1,2";
			};
			name = Release;
		};
		BC2027C22DF9926B00B1CC27 /* Debug */ = {
			isa = XCBuildConfiguration;
			buildSettings = {
				BUNDLE_LOADER = "$(TEST_HOST)";
				CODE_SIGN_STYLE = Automatic;
				CURRENT_PROJECT_VERSION = 1;
				GENERATE_INFOPLIST_FILE = YES;
				IPHONEOS_DEPLOYMENT_TARGET = 18.4;
				MARKETING_VERSION = 1.0;
				PRODUCT_BUNDLE_IDENTIFIER = start.SwiftStyTests;
				PRODUCT_NAME = "$(TARGET_NAME)";
				SWIFT_EMIT_LOC_STRINGS = NO;
				SWIFT_VERSION = 5.0;
				TARGETED_DEVICE_FAMILY = "1,2";
				TEST_HOST = "$(BUILT_PRODUCTS_DIR)/SwiftSty.app/$(BUNDLE_EXECUTABLE_FOLDER_PATH)/SwiftSty";
			};
			name = Debug;
		};
		BC2027C32DF9926B00B1CC27 /* Release */ = {
			isa = XCBuildConfiguration;
			buildSettings = {
				BUNDLE_LOADER = "$(TEST_HOST)";
				CODE_SIGN_STYLE = Automatic;
				CURRENT_PROJECT_VERSION = 1;
				GENERATE_INFOPLIST_FILE = YES;
				IPHONEOS_DEPLOYMENT_TARGET = 18.4;
				MARKETING_VERSION = 1.0;
				PRODUCT_BUNDLE_IDENTIFIER = start.SwiftStyTests;
				PRODUCT_NAME = "$(TARGET_NAME)";
				SWIFT_EMIT_LOC_STRINGS = NO;
				SWIFT_VERSION = 5.0;
				TARGETED_DEVICE_FAMILY = "1,2";
				TEST_HOST = "$(BUILT_PRODUCTS_DIR)/SwiftSty.app/$(BUNDLE_EXECUTABLE_FOLDER_PATH)/SwiftSty";
			};
			name = Release;
		};
		BC2027C52DF9926B00B1CC27 /* Debug */ = {
			isa = XCBuildConfiguration;
			buildSettings = {
				CODE_SIGN_STYLE = Automatic;
				CURRENT_PROJECT_VERSION = 1;
				GENERATE_INFOPLIST_FILE = YES;
				MARKETING_VERSION = 1.0;
				PRODUCT_BUNDLE_IDENTIFIER = start.SwiftStyUITests;
				PRODUCT_NAME = "$(TARGET_NAME)";
				SWIFT_EMIT_LOC_STRINGS = NO;
				SWIFT_VERSION = 5.0;
				TARGETED_DEVICE_FAMILY = "1,2";
				TEST_TARGET_NAME = SwiftSty;
			};
			name = Debug;
		};
		BC2027C62DF9926B00B1CC27 /* Release */ = {
			isa = XCBuildConfiguration;
			buildSettings = {
				CODE_SIGN_STYLE = Automatic;
				CURRENT_PROJECT_VERSION = 1;
				GENERATE_INFOPLIST_FILE = YES;
				MARKETING_VERSION = 1.0;
				PRODUCT_BUNDLE_IDENTIFIER = start.SwiftStyUITests;
				PRODUCT_NAME = "$(TARGET_NAME)";
				SWIFT_EMIT_LOC_STRINGS = NO;
				SWIFT_VERSION = 5.0;
				TARGETED_DEVICE_FAMILY = "1,2";
				TEST_TARGET_NAME = SwiftSty;
			};
			name = Release;
		};
/* End XCBuildConfiguration section */

/* Begin XCConfigurationList section */
		BC2027982DF9926900B1CC27 /* Build configuration list for PBXProject "SwiftSty" */ = {
			isa = XCConfigurationList;
			buildConfigurations = (
				BC2027BC2DF9926B00B1CC27 /* Debug */,
				BC2027BD2DF9926B00B1CC27 /* Release */,
			);
			defaultConfigurationIsVisible = 0;
			defaultConfigurationName = Release;
		};
		BC2027BE2DF9926B00B1CC27 /* Build configuration list for PBXNativeTarget "SwiftSty" */ = {
			isa = XCConfigurationList;
			buildConfigurations = (
				BC2027BF2DF9926B00B1CC27 /* Debug */,
				BC2027C02DF9926B00B1CC27 /* Release */,
			);
			defaultConfigurationIsVisible = 0;
			defaultConfigurationName = Release;
		};
		BC2027C12DF9926B00B1CC27 /* Build configuration list for PBXNativeTarget "SwiftStyTests" */ = {
			isa = XCConfigurationList;
			buildConfigurations = (
				BC2027C22DF9926B00B1CC27 /* Debug */,
				BC2027C32DF9926B00B1CC27 /* Release */,
			);
			defaultConfigurationIsVisible = 0;
			defaultConfigurationName = Release;
		};
		BC2027C42DF9926B00B1CC27 /* Build configuration list for PBXNativeTarget "SwiftStyUITests" */ = {
			isa = XCConfigurationList;
			buildConfigurations = (
				BC2027C52DF9926B00B1CC27 /* Debug */,
				BC2027C62DF9926B00B1CC27 /* Release */,
			);
			defaultConfigurationIsVisible = 0;
			defaultConfigurationName = Release;
		};
/* End XCConfigurationList section */

/* Begin XCRemoteSwiftPackageReference section */
		BCAA73C72E5CD387000DDABA /* XCRemoteSwiftPackageReference "lottie-ios" */ = {
			isa = XCRemoteSwiftPackageReference;
			repositoryURL = "https://github.com/airbnb/lottie-ios.git";
			requirement = {
				kind = upToNextMajorVersion;
				minimumVersion = 4.5.2;
			};
		};
/* End XCRemoteSwiftPackageReference section */

/* Begin XCSwiftPackageProductDependency section */
		BCAA73C92E5CD3C1000DDABA /* Lottie */ = {
			isa = XCSwiftPackageProductDependency;
			package = BCAA73C72E5CD387000DDABA /* XCRemoteSwiftPackageReference "lottie-ios" */;
			productName = Lottie;
		};
/* End XCSwiftPackageProductDependency section */
	};
	rootObject = BC2027952DF9926900B1CC27 /* Project object */;
}
