// !$*UTF8*$!
{
	archiveVersion = 1;
	classes = {
	};
	objectVersion = 77;
	objects = {

/* Begin PBXBuildFile section */
		BC2447382DFF0B4700E10A17 /* redactedView.swift in Sources */ = {isa = PBXBuildFile; fileRef = BC2447372DFF0B4500E10A17 /* redactedView.swift */; };
		BC2447B82DFFF9EE00E10A17 /* DisclosureGroupView.swift in Sources */ = {isa = PBXBuildFile; fileRef = BC2447B72DFFF9EB00E10A17 /* DisclosureGroupView.swift */; };
		BC2447BA2E000E3F00E10A17 /* OutlineGroupView.swift in Sources */ = {isa = PBXBuildFile; fileRef = BC2447B92E000E3900E10A17 /* OutlineGroupView.swift */; };
		BC2447BC2E0030FB00E10A17 /* ScrollViewReader.swift in Sources */ = {isa = PBXBuildFile; fileRef = BC2447BB2E0030F000E10A17 /* ScrollViewReader.swift */; };
		BCA59B3D2DFDC4980001EF7D /* TabView.swift in Sources */ = {isa = PBXBuildFile; fileRef = BCA59B3C2DFDC4960001EF7D /* TabView.swift */; };
		BCA59B3F2DFDE48E0001EF7D /* BarMarkView.swift in Sources */ = {isa = PBXBuildFile; fileRef = BCA59B3E2DFDE4890001EF7D /* BarMarkView.swift */; };
		BCA59B422DFDF7030001EF7D /* PointMarkView.swift in Sources */ = {isa = PBXBuildFile; fileRef = BCA59B412DFDF6FF0001EF7D /* PointMarkView.swift */; };
		BCA59B442DFDFAE40001EF7D /* LineMarkView.swift in Sources */ = {isa = PBXBuildFile; fileRef = BCA59B432DFDFADB0001EF7D /* LineMarkView.swift */; };
		BCA59B462DFDFC030001EF7D /* AreaMarkView.swift in Sources */ = {isa = PBXBuildFile; fileRef = BCA59B452DFDFBFE0001EF7D /* AreaMarkView.swift */; };
		BCA59B482DFDFDCC0001EF7D /* RuleMarkView.swift in Sources */ = {isa = PBXBuildFile; fileRef = BCA59B472DFDFDCB0001EF7D /* RuleMarkView.swift */; };
		BCA59B4A2DFDFEAE0001EF7D /* RectangleMarkView.swift in Sources */ = {isa = PBXBuildFile; fileRef = BCA59B492DFDFEAB0001EF7D /* RectangleMarkView.swift */; };
		BCA59B4E2DFE71C80001EF7D /* NavigationStackView.swift in Sources */ = {isa = PBXBuildFile; fileRef = BCA59B4D2DFE71C80001EF7D /* NavigationStackView.swift */; };
		BCAB50972E06A7A5002E5837 /* LazyVGridView.swift in Sources */ = {isa = PBXBuildFile; fileRef = BCAB50962E06A7A2002E5837 /* LazyVGridView.swift */; };
		BCAB50992E06A85C002E5837 /* LazyHGridView.swift in Sources */ = {isa = PBXBuildFile; fileRef = BCAB50982E06A859002E5837 /* LazyHGridView.swift */; };
		BCB3BFE62DFBD02E001B2DDE /* Assets.xcassets in Resources */ = {isa = PBXBuildFile; fileRef = BCB3BFE22DFBD02E001B2DDE /* Assets.xcassets */; };
		BCB3BFE72DFBD02E001B2DDE /* ActivityView.swift in Sources */ = {isa = PBXBuildFile; fileRef = BCB3BFE12DFBD02E001B2DDE /* ActivityView.swift */; };
		BCB3BFE82DFBD02E001B2DDE /* SwiftStyApp.swift in Sources */ = {isa = PBXBuildFile; fileRef = BCB3BFE32DFBD02E001B2DDE /* SwiftStyApp.swift */; };
		BCB3BFE92DFBD02E001B2DDE /* swipeActions.swift in Sources */ = {isa = PBXBuildFile; fileRef = BCB3BFE42DFBD02E001B2DDE /* swipeActions.swift */; };
		BCB3BFED2DFC772B001B2DDE /* multilineTextAlignment.swift in Sources */ = {isa = PBXBuildFile; fileRef = BCB3BFEC2DFC772A001B2DDE /* multilineTextAlignment.swift */; };
		BCB3BFEF2DFC7CB0001B2DDE /* lineLimit.swift in Sources */ = {isa = PBXBuildFile; fileRef = BCB3BFEE2DFC7CAF001B2DDE /* lineLimit.swift */; };
		BCB3BFF12DFC7DCF001B2DDE /* lineSpacing.swift in Sources */ = {isa = PBXBuildFile; fileRef = BCB3BFF02DFC7DCE001B2DDE /* lineSpacing.swift */; };
		BCBEBCF32E0593B0006EFA81 /* OverlayView.swift in Sources */ = {isa = PBXBuildFile; fileRef = BCBEBCF22E0593AB006EFA81 /* OverlayView.swift */; };
		BCF5AE182E084E4B0074E06A /* renderingModeView.swift in Sources */ = {isa = PBXBuildFile; fileRef = BCF5AE172E084E480074E06A /* renderingModeView.swift */; };
		BCF5AE1C2E0995000074E06A /* refreshableView.swift in Sources */ = {isa = PBXBuildFile; fileRef = BCF5AE1B2E0994F80074E06A /* refreshableView.swift */; };
		BCF5AE1E2E09A30B0074E06A /* RefreshActionView.swift in Sources */ = {isa = PBXBuildFile; fileRef = BCF5AE1D2E09A30A0074E06A /* RefreshActionView.swift */; };
		BCFDF4442E0322F0002AE09E /* PinnedScrollableViews.swift in Sources */ = {isa = PBXBuildFile; fileRef = BCFDF4432E0322EA002AE09E /* PinnedScrollableViews.swift */; };
		BCFDF4482E039101002AE09E /* CustomTapGestureView.swift in Sources */ = {isa = PBXBuildFile; fileRef = BCFDF4472E0390FA002AE09E /* CustomTapGestureView.swift */; };
		BCFDF44C2E039CCA002AE09E /* onTapGestureView.swift in Sources */ = {isa = PBXBuildFile; fileRef = BCFDF44B2E039CC7002AE09E /* onTapGestureView.swift */; };
/* End PBXBuildFile section */

/* Begin PBXContainerItemProxy section */
		BC2027AB2DF9926B00B1CC27 /* PBXContainerItemProxy */ = {
			isa = PBXContainerItemProxy;
			containerPortal = BC2027952DF9926900B1CC27 /* Project object */;
			proxyType = 1;
			remoteGlobalIDString = BC20279C2DF9926900B1CC27;
			remoteInfo = SwiftSty;
		};
		BC2027B52DF9926B00B1CC27 /* PBXContainerItemProxy */ = {
			isa = PBXContainerItemProxy;
			containerPortal = BC2027952DF9926900B1CC27 /* Project object */;
			proxyType = 1;
			remoteGlobalIDString = BC20279C2DF9926900B1CC27;
			remoteInfo = SwiftSty;
		};
/* End PBXContainerItemProxy section */

/* Begin PBXFileReference section */
		BC20279D2DF9926900B1CC27 /* SwiftSty.app */ = {isa = PBXFileReference; explicitFileType = wrapper.application; includeInIndex = 0; path = SwiftSty.app; sourceTree = BUILT_PRODUCTS_DIR; };
		BC2027AA2DF9926B00B1CC27 /* SwiftStyTests.xctest */ = {isa = PBXFileReference; explicitFileType = wrapper.cfbundle; includeInIndex = 0; path = SwiftStyTests.xctest; sourceTree = BUILT_PRODUCTS_DIR; };
		BC2027B42DF9926B00B1CC27 /* SwiftStyUITests.xctest */ = {isa = PBXFileReference; explicitFileType = wrapper.cfbundle; includeInIndex = 0; path = SwiftStyUITests.xctest; sourceTree = BUILT_PRODUCTS_DIR; };
		BC2447372DFF0B4500E10A17 /* redactedView.swift */ = {isa = PBXFileReference; lastKnownFileType = sourcecode.swift; path = redactedView.swift; sourceTree = "<group>"; };
		BC2447B72DFFF9EB00E10A17 /* DisclosureGroupView.swift */ = {isa = PBXFileReference; lastKnownFileType = sourcecode.swift; path = DisclosureGroupView.swift; sourceTree = "<group>"; };
		BC2447B92E000E3900E10A17 /* OutlineGroupView.swift */ = {isa = PBXFileReference; lastKnownFileType = sourcecode.swift; path = OutlineGroupView.swift; sourceTree = "<group>"; };
		BC2447BB2E0030F000E10A17 /* ScrollViewReader.swift */ = {isa = PBXFileReference; lastKnownFileType = sourcecode.swift; path = ScrollViewReader.swift; sourceTree = "<group>"; };
		BCA59B3C2DFDC4960001EF7D /* TabView.swift */ = {isa = PBXFileReference; lastKnownFileType = sourcecode.swift; path = TabView.swift; sourceTree = "<group>"; };
		BCA59B3E2DFDE4890001EF7D /* BarMarkView.swift */ = {isa = PBXFileReference; lastKnownFileType = sourcecode.swift; path = BarMarkView.swift; sourceTree = "<group>"; };
		BCA59B412DFDF6FF0001EF7D /* PointMarkView.swift */ = {isa = PBXFileReference; lastKnownFileType = sourcecode.swift; path = PointMarkView.swift; sourceTree = "<group>"; };
		BCA59B432DFDFADB0001EF7D /* LineMarkView.swift */ = {isa = PBXFileReference; lastKnownFileType = sourcecode.swift; path = LineMarkView.swift; sourceTree = "<group>"; };
		BCA59B452DFDFBFE0001EF7D /* AreaMarkView.swift */ = {isa = PBXFileReference; lastKnownFileType = sourcecode.swift; path = AreaMarkView.swift; sourceTree = "<group>"; };
		BCA59B472DFDFDCB0001EF7D /* RuleMarkView.swift */ = {isa = PBXFileReference; lastKnownFileType = sourcecode.swift; path = RuleMarkView.swift; sourceTree = "<group>"; };
		BCA59B492DFDFEAB0001EF7D /* RectangleMarkView.swift */ = {isa = PBXFileReference; lastKnownFileType = sourcecode.swift; path = RectangleMarkView.swift; sourceTree = "<group>"; };
		BCA59B4D2DFE71C80001EF7D /* NavigationStackView.swift */ = {isa = PBXFileReference; lastKnownFileType = sourcecode.swift; path = NavigationStackView.swift; sourceTree = "<group>"; };
		BCAB50962E06A7A2002E5837 /* LazyVGridView.swift */ = {isa = PBXFileReference; lastKnownFileType = sourcecode.swift; path = LazyVGridView.swift; sourceTree = "<group>"; };
		BCAB50982E06A859002E5837 /* LazyHGridView.swift */ = {isa = PBXFileReference; lastKnownFileType = sourcecode.swift; path = LazyHGridView.swift; sourceTree = "<group>"; };
		BCB3BFE12DFBD02E001B2DDE /* ActivityView.swift */ = {isa = PBXFileReference; lastKnownFileType = sourcecode.swift; path = ActivityView.swift; sourceTree = "<group>"; };
		BCB3BFE22DFBD02E001B2DDE /* Assets.xcassets */ = {isa = PBXFileReference; lastKnownFileType = folder.assetcatalog; path = Assets.xcassets; sourceTree = "<group>"; };
		BCB3BFE32DFBD02E001B2DDE /* SwiftStyApp.swift */ = {isa = PBXFileReference; lastKnownFileType = sourcecode.swift; path = SwiftStyApp.swift; sourceTree = "<group>"; };
		BCB3BFE42DFBD02E001B2DDE /* swipeActions.swift */ = {isa = PBXFileReference; lastKnownFileType = sourcecode.swift; path = swipeActions.swift; sourceTree = "<group>"; };
		BCB3BFEC2DFC772A001B2DDE /* multilineTextAlignment.swift */ = {isa = PBXFileReference; lastKnownFileType = sourcecode.swift; path = multilineTextAlignment.swift; sourceTree = "<group>"; };
		BCB3BFEE2DFC7CAF001B2DDE /* lineLimit.swift */ = {isa = PBXFileReference; lastKnownFileType = sourcecode.swift; path = lineLimit.swift; sourceTree = "<group>"; };
		BCB3BFF02DFC7DCE001B2DDE /* lineSpacing.swift */ = {isa = PBXFileReference; lastKnownFileType = sourcecode.swift; path = lineSpacing.swift; sourceTree = "<group>"; };
		BCBEBCF22E0593AB006EFA81 /* OverlayView.swift */ = {isa = PBXFileReference; lastKnownFileType = sourcecode.swift; path = OverlayView.swift; sourceTree = "<group>"; };
		BCF5AE172E084E480074E06A /* renderingModeView.swift */ = {isa = PBXFileReference; lastKnownFileType = sourcecode.swift; path = renderingModeView.swift; sourceTree = "<group>"; };
		BCF5AE1B2E0994F80074E06A /* refreshableView.swift */ = {isa = PBXFileReference; lastKnownFileType = sourcecode.swift; path = refreshableView.swift; sourceTree = "<group>"; };
		BCF5AE1D2E09A30A0074E06A /* RefreshActionView.swift */ = {isa = PBXFileReference; lastKnownFileType = sourcecode.swift; path = RefreshActionView.swift; sourceTree = "<group>"; };
		BCFDF4432E0322EA002AE09E /* PinnedScrollableViews.swift */ = {isa = PBXFileReference; lastKnownFileType = sourcecode.swift; path = PinnedScrollableViews.swift; sourceTree = "<group>"; };
		BCFDF4472E0390FA002AE09E /* CustomTapGestureView.swift */ = {isa = PBXFileReference; lastKnownFileType = sourcecode.swift; path = CustomTapGestureView.swift; sourceTree = "<group>"; };
		BCFDF44B2E039CC7002AE09E /* onTapGestureView.swift */ = {isa = PBXFileReference; lastKnownFileType = sourcecode.swift; path = onTapGestureView.swift; sourceTree = "<group>"; };
/* End PBXFileReference section */

/* Begin PBXFileSystemSynchronizedRootGroup section */
		BC2027AD2DF9926B00B1CC27 /* SwiftStyTests */ = {
			isa = PBXFileSystemSynchronizedRootGroup;
			path = SwiftStyTests;
			sourceTree = "<group>";
		};
		BC2027B72DF9926B00B1CC27 /* SwiftStyUITests */ = {
			isa = PBXFileSystemSynchronizedRootGroup;
			path = SwiftStyUITests;
			sourceTree = "<group>";
		};
/* End PBXFileSystemSynchronizedRootGroup section */

/* Begin PBXFrameworksBuildPhase section */
		BC20279A2DF9926900B1CC27 /* Frameworks */ = {
			isa = PBXFrameworksBuildPhase;
			buildActionMask = 2147483647;
			files = (
			);
			runOnlyForDeploymentPostprocessing = 0;
		};
		BC2027A72DF9926B00B1CC27 /* Frameworks */ = {
			isa = PBXFrameworksBuildPhase;
			buildActionMask = 2147483647;
			files = (
			);
			runOnlyForDeploymentPostprocessing = 0;
		};
		BC2027B12DF9926B00B1CC27 /* Frameworks */ = {
			isa = PBXFrameworksBuildPhase;
			buildActionMask = 2147483647;
			files = (
			);
			runOnlyForDeploymentPostprocessing = 0;
		};
/* End PBXFrameworksBuildPhase section */

/* Begin PBXGroup section */
		BC2027942DF9926900B1CC27 = {
			isa = PBXGroup;
			children = (
				BCB3BFE52DFBD02E001B2DDE /* SwiftSty */,
				BC2027AD2DF9926B00B1CC27 /* SwiftStyTests */,
				BC2027B72DF9926B00B1CC27 /* SwiftStyUITests */,
				BC20279E2DF9926900B1CC27 /* Products */,
			);
			sourceTree = "<group>";
		};
		BC20279E2DF9926900B1CC27 /* Products */ = {
			isa = PBXGroup;
			children = (
				BC20279D2DF9926900B1CC27 /* SwiftSty.app */,
				BC2027AA2DF9926B00B1CC27 /* SwiftStyTests.xctest */,
				BC2027B42DF9926B00B1CC27 /* SwiftStyUITests.xctest */,
			);
			name = Products;
			sourceTree = "<group>";
		};
		BCA59B402DFDF2CB0001EF7D /* Charts */ = {
			isa = PBXGroup;
			children = (
				BCA59B492DFDFEAB0001EF7D /* RectangleMarkView.swift */,
				BCA59B472DFDFDCB0001EF7D /* RuleMarkView.swift */,
				BCA59B452DFDFBFE0001EF7D /* AreaMarkView.swift */,
				BCA59B432DFDFADB0001EF7D /* LineMarkView.swift */,
				BCA59B412DFDF6FF0001EF7D /* PointMarkView.swift */,
				BCA59B3E2DFDE4890001EF7D /* BarMarkView.swift */,
			);
			path = Charts;
			sourceTree = "<group>";
		};
		BCB3BFE52DFBD02E001B2DDE /* SwiftSty */ = {
			isa = PBXGroup;
			children = (
				BCB3BFEB2DFC771D001B2DDE /* UI */,
				BCB3BFEA2DFBD034001B2DDE /* Function */,
				BCB3BFE22DFBD02E001B2DDE /* Assets.xcassets */,
				BCB3BFE32DFBD02E001B2DDE /* SwiftStyApp.swift */,
			);
			path = SwiftSty;
			sourceTree = "<group>";
		};
		BCB3BFEA2DFBD034001B2DDE /* Function */ = {
			isa = PBXGroup;
			children = (
				BC2447372DFF0B4500E10A17 /* redactedView.swift */,
				BCA59B4D2DFE71C80001EF7D /* NavigationStackView.swift */,
				BCA59B402DFDF2CB0001EF7D /* Charts */,
				BCB3BFE12DFBD02E001B2DDE /* ActivityView.swift */,
				BCB3BFE42DFBD02E001B2DDE /* swipeActions.swift */,
			);
			path = Function;
			sourceTree = "<group>";
		};
		BCB3BFEB2DFC771D001B2DDE /* UI */ = {
			isa = PBXGroup;
			children = (
				BCF5AE1D2E09A30A0074E06A /* RefreshActionView.swift */,
				BCF5AE172E084E480074E06A /* renderingModeView.swift */,
				BCAB50982E06A859002E5837 /* LazyHGridView.swift */,
				BCAB50962E06A7A2002E5837 /* LazyVGridView.swift */,
				BCBEBCF22E0593AB006EFA81 /* OverlayView.swift */,
				BCFDF44B2E039CC7002AE09E /* onTapGestureView.swift */,
				BCFDF4472E0390FA002AE09E /* CustomTapGestureView.swift */,
				BCFDF4432E0322EA002AE09E /* PinnedScrollableViews.swift */,
				BC2447BB2E0030F000E10A17 /* ScrollViewReader.swift */,
				BC2447B92E000E3900E10A17 /* OutlineGroupView.swift */,
				BC2447B72DFFF9EB00E10A17 /* DisclosureGroupView.swift */,
				BCA59B3C2DFDC4960001EF7D /* TabView.swift */,
				BCB3BFEE2DFC7CAF001B2DDE /* lineLimit.swift */,
				BCB3BFF02DFC7DCE001B2DDE /* lineSpacing.swift */,
				BCB3BFEC2DFC772A001B2DDE /* multilineTextAlignment.swift */,
				BCF5AE1B2E0994F80074E06A /* refreshableView.swift */,
			);
			path = UI;
			sourceTree = "<group>";
		};
/* End PBXGroup section */

/* Begin PBXNativeTarget section */
		BC20279C2DF9926900B1CC27 /* SwiftSty */ = {
			isa = PBXNativeTarget;
			buildConfigurationList = BC2027BE2DF9926B00B1CC27 /* Build configuration list for PBXNativeTarget "SwiftSty" */;
			buildPhases = (
				BC2027992DF9926900B1CC27 /* Sources */,
				BC20279A2DF9926900B1CC27 /* Frameworks */,
				BC20279B2DF9926900B1CC27 /* Resources */,
			);
			buildRules = (
			);
			dependencies = (
			);
			name = SwiftSty;
			packageProductDependencies = (
			);
			productName = SwiftSty;
			productReference = BC20279D2DF9926900B1CC27 /* SwiftSty.app */;
			productType = "com.apple.product-type.application";
		};
		BC2027A92DF9926B00B1CC27 /* SwiftStyTests */ = {
			isa = PBXNativeTarget;
			buildConfigurationList = BC2027C12DF9926B00B1CC27 /* Build configuration list for PBXNativeTarget "SwiftStyTests" */;
			buildPhases = (
				BC2027A62DF9926B00B1CC27 /* Sources */,
				BC2027A72DF9926B00B1CC27 /* Frameworks */,
				BC2027A82DF9926B00B1CC27 /* Resources */,
			);
			buildRules = (
			);
			dependencies = (
				BC2027AC2DF9926B00B1CC27 /* PBXTargetDependency */,
			);
			fileSystemSynchronizedGroups = (
				BC2027AD2DF9926B00B1CC27 /* SwiftStyTests */,
			);
			name = SwiftStyTests;
			packageProductDependencies = (
			);
			productName = SwiftStyTests;
			productReference = BC2027AA2DF9926B00B1CC27 /* SwiftStyTests.xctest */;
			productType = "com.apple.product-type.bundle.unit-test";
		};
		BC2027B32DF9926B00B1CC27 /* SwiftStyUITests */ = {
			isa = PBXNativeTarget;
			buildConfigurationList = BC2027C42DF9926B00B1CC27 /* Build configuration list for PBXNativeTarget "SwiftStyUITests" */;
			buildPhases = (
				BC2027B02DF9926B00B1CC27 /* Sources */,
				BC2027B12DF9926B00B1CC27 /* Frameworks */,
				BC2027B22DF9926B00B1CC27 /* Resources */,
			);
			buildRules = (
			);
			dependencies = (
				BC2027B62DF9926B00B1CC27 /* PBXTargetDependency */,
			);
			fileSystemSynchronizedGroups = (
				BC2027B72DF9926B00B1CC27 /* SwiftStyUITests */,
			);
			name = SwiftStyUITests;
			packageProductDependencies = (
			);
			productName = SwiftStyUITests;
			productReference = BC2027B42DF9926B00B1CC27 /* SwiftStyUITests.xctest */;
			productType = "com.apple.product-type.bundle.ui-testing";
		};
/* End PBXNativeTarget section */

/* Begin PBXProject section */
		BC2027952DF9926900B1CC27 /* Project object */ = {
			isa = PBXProject;
			attributes = {
				BuildIndependentTargetsInParallel = 1;
				LastSwiftUpdateCheck = 1630;
				LastUpgradeCheck = 2600;
				TargetAttributes = {
					BC20279C2DF9926900B1CC27 = {
						CreatedOnToolsVersion = 16.3;
					};
					BC2027A92DF9926B00B1CC27 = {
						CreatedOnToolsVersion = 16.3;
						TestTargetID = BC20279C2DF9926900B1CC27;
					};
					BC2027B32DF9926B00B1CC27 = {
						CreatedOnToolsVersion = 16.3;
						TestTargetID = BC20279C2DF9926900B1CC27;
					};
				};
			};
			buildConfigurationList = BC2027982DF9926900B1CC27 /* Build configuration list for PBXProject "SwiftSty" */;
			developmentRegion = en;
			hasScannedForEncodings = 0;
			knownRegions = (
				en,
				Base,
			);
			mainGroup = BC2027942DF9926900B1CC27;
			minimizedProjectReferenceProxies = 1;
			preferredProjectObjectVersion = 77;
			productRefGroup = BC20279E2DF9926900B1CC27 /* Products */;
			projectDirPath = "";
			projectRoot = "";
			targets = (
				BC20279C2DF9926900B1CC27 /* SwiftSty */,
				BC2027A92DF9926B00B1CC27 /* SwiftStyTests */,
				BC2027B32DF9926B00B1CC27 /* SwiftStyUITests */,
			);
		};
/* End PBXProject section */

/* Begin PBXResourcesBuildPhase section */
		BC20279B2DF9926900B1CC27 /* Resources */ = {
			isa = PBXResourcesBuildPhase;
			buildActionMask = 2147483647;
			files = (
				BCB3BFE62DFBD02E001B2DDE /* Assets.xcassets in Resources */,
			);
			runOnlyForDeploymentPostprocessing = 0;
		};
		BC2027A82DF9926B00B1CC27 /* Resources */ = {
			isa = PBXResourcesBuildPhase;
			buildActionMask = 2147483647;
			files = (
			);
			runOnlyForDeploymentPostprocessing = 0;
		};
		BC2027B22DF9926B00B1CC27 /* Resources */ = {
			isa = PBXResourcesBuildPhase;
			buildActionMask = 2147483647;
			files = (
			);
			runOnlyForDeploymentPostprocessing = 0;
		};
/* End PBXResourcesBuildPhase section */

/* Begin PBXSourcesBuildPhase section */
		BC2027992DF9926900B1CC27 /* Sources */ = {
			isa = PBXSourcesBuildPhase;
			buildActionMask = 2147483647;
			files = (
				BC2447BA2E000E3F00E10A17 /* OutlineGroupView.swift in Sources */,
				BCFDF4482E039101002AE09E /* CustomTapGestureView.swift in Sources */,
				BCA59B3F2DFDE48E0001EF7D /* BarMarkView.swift in Sources */,
				BCF5AE182E084E4B0074E06A /* renderingModeView.swift in Sources */,
				BCFDF44C2E039CCA002AE09E /* onTapGestureView.swift in Sources */,
				BCB3BFE72DFBD02E001B2DDE /* ActivityView.swift in Sources */,
				BCA59B482DFDFDCC0001EF7D /* RuleMarkView.swift in Sources */,
				BC2447BC2E0030FB00E10A17 /* ScrollViewReader.swift in Sources */,
				BCA59B462DFDFC030001EF7D /* AreaMarkView.swift in Sources */,
				BCB3BFE82DFBD02E001B2DDE /* SwiftStyApp.swift in Sources */,
				BCBEBCF32E0593B0006EFA81 /* OverlayView.swift in Sources */,
				BCF5AE1E2E09A30B0074E06A /* RefreshActionView.swift in Sources */,
				BCA59B422DFDF7030001EF7D /* PointMarkView.swift in Sources */,
				BCB3BFED2DFC772B001B2DDE /* multilineTextAlignment.swift in Sources */,
				BCA59B442DFDFAE40001EF7D /* LineMarkView.swift in Sources */,
				BC2447382DFF0B4700E10A17 /* redactedView.swift in Sources */,
				BCAB50972E06A7A5002E5837 /* LazyVGridView.swift in Sources */,
				BCF5AE1C2E0995000074E06A /* refreshableView.swift in Sources */,
				BCAB50992E06A85C002E5837 /* LazyHGridView.swift in Sources */,
				BC2447B82DFFF9EE00E10A17 /* DisclosureGroupView.swift in Sources */,
				BCB3BFEF2DFC7CB0001B2DDE /* lineLimit.swift in Sources */,
				BCA59B3D2DFDC4980001EF7D /* TabView.swift in Sources */,
				BCFDF4442E0322F0002AE09E /* PinnedScrollableViews.swift in Sources */,
				BCB3BFE92DFBD02E001B2DDE /* swipeActions.swift in Sources */,
				BCA59B4A2DFDFEAE0001EF7D /* RectangleMarkView.swift in Sources */,
				BCA59B4E2DFE71C80001EF7D /* NavigationStackView.swift in Sources */,
				BCB3BFF12DFC7DCF001B2DDE /* lineSpacing.swift in Sources */,
			);
			runOnlyForDeploymentPostprocessing = 0;
		};
		BC2027A62DF9926B00B1CC27 /* Sources */ = {
			isa = PBXSourcesBuildPhase;
			buildActionMask = 2147483647;
			files = (
			);
			runOnlyForDeploymentPostprocessing = 0;
		};
		BC2027B02DF9926B00B1CC27 /* Sources */ = {
			isa = PBXSourcesBuildPhase;
			buildActionMask = 2147483647;
			files = (
			);
			runOnlyForDeploymentPostprocessing = 0;
		};
/* End PBXSourcesBuildPhase section */

/* Begin PBXTargetDependency section */
		BC2027AC2DF9926B00B1CC27 /* PBXTargetDependency */ = {
			isa = PBXTargetDependency;
			target = BC20279C2DF9926900B1CC27 /* SwiftSty */;
			targetProxy = BC2027AB2DF9926B00B1CC27 /* PBXContainerItemProxy */;
		};
		BC2027B62DF9926B00B1CC27 /* PBXTargetDependency */ = {
			isa = PBXTargetDependency;
			target = BC20279C2DF9926900B1CC27 /* SwiftSty */;
			targetProxy = BC2027B52DF9926B00B1CC27 /* PBXContainerItemProxy */;
		};
/* End PBXTargetDependency section */

/* Begin XCBuildConfiguration section */
		BC2027BC2DF9926B00B1CC27 /* Debug */ = {
			isa = XCBuildConfiguration;
			buildSettings = {
				ALWAYS_SEARCH_USER_PATHS = NO;
				ASSETCATALOG_COMPILER_GENERATE_SWIFT_ASSET_SYMBOL_EXTENSIONS = YES;
				CLANG_ANALYZER_NONNULL = YES;
				CLANG_ANALYZER_NUMBER_OBJECT_CONVERSION = YES_AGGRESSIVE;
				CLANG_CXX_LANGUAGE_STANDARD = "gnu++20";
				CLANG_ENABLE_MODULES = YES;
				CLANG_ENABLE_OBJC_ARC = YES;
				CLANG_ENABLE_OBJC_WEAK = YES;
				CLANG_WARN_BLOCK_CAPTURE_AUTORELEASING = YES;
				CLANG_WARN_BOOL_CONVERSION = YES;
				CLANG_WARN_COMMA = YES;
				CLANG_WARN_CONSTANT_CONVERSION = YES;
				CLANG_WARN_DEPRECATED_OBJC_IMPLEMENTATIONS = YES;
				CLANG_WARN_DIRECT_OBJC_ISA_USAGE = YES_ERROR;
				CLANG_WARN_DOCUMENTATION_COMMENTS = YES;
				CLANG_WARN_EMPTY_BODY = YES;
				CLANG_WARN_ENUM_CONVERSION = YES;
				CLANG_WARN_INFINITE_RECURSION = YES;
				CLANG_WARN_INT_CONVERSION = YES;
				CLANG_WARN_NON_LITERAL_NULL_CONVERSION = YES;
				CLANG_WARN_OBJC_IMPLICIT_RETAIN_SELF = YES;
				CLANG_WARN_OBJC_LITERAL_CONVERSION = YES;
				CLANG_WARN_OBJC_ROOT_CLASS = YES_ERROR;
				CLANG_WARN_QUOTED_INCLUDE_IN_FRAMEWORK_HEADER = YES;
				CLANG_WARN_RANGE_LOOP_ANALYSIS = YES;
				CLANG_WARN_STRICT_PROTOTYPES = YES;
				CLANG_WARN_SUSPICIOUS_MOVE = YES;
				CLANG_WARN_UNGUARDED_AVAILABILITY = YES_AGGRESSIVE;
				CLANG_WARN_UNREACHABLE_CODE = YES;
				CLANG_WARN__DUPLICATE_METHOD_MATCH = YES;
				COPY_PHASE_STRIP = NO;
				DEBUG_INFORMATION_FORMAT = dwarf;
				ENABLE_STRICT_OBJC_MSGSEND = YES;
				ENABLE_TESTABILITY = YES;
				ENABLE_USER_SCRIPT_SANDBOXING = YES;
				GCC_C_LANGUAGE_STANDARD = gnu17;
				GCC_DYNAMIC_NO_PIC = NO;
				GCC_NO_COMMON_BLOCKS = YES;
				GCC_OPTIMIZATION_LEVEL = 0;
				GCC_PREPROCESSOR_DEFINITIONS = (
					"DEBUG=1",
					"$(inherited)",
				);
				GCC_WARN_64_TO_32_BIT_CONVERSION = YES;
				GCC_WARN_ABOUT_RETURN_TYPE = YES_ERROR;
				GCC_WARN_UNDECLARED_SELECTOR = YES;
				GCC_WARN_UNINITIALIZED_AUTOS = YES_AGGRESSIVE;
				GCC_WARN_UNUSED_FUNCTION = YES;
				GCC_WARN_UNUSED_VARIABLE = YES;
				IPHONEOS_DEPLOYMENT_TARGET = 18.4;
				LOCALIZATION_PREFERS_STRING_CATALOGS = YES;
				MTL_ENABLE_DEBUG_INFO = INCLUDE_SOURCE;
				MTL_FAST_MATH = YES;
				ONLY_ACTIVE_ARCH = YES;
				SDKROOT = iphoneos;
				STRING_CATALOG_GENERATE_SYMBOLS = YES;
				SWIFT_ACTIVE_COMPILATION_CONDITIONS = "DEBUG $(inherited)";
				SWIFT_OPTIMIZATION_LEVEL = "-Onone";
			};
			name = Debug;
		};
		BC2027BD2DF9926B00B1CC27 /* Release */ = {
			isa = XCBuildConfiguration;
			buildSettings = {
				ALWAYS_SEARCH_USER_PATHS = NO;
				ASSETCATALOG_COMPILER_GENERATE_SWIFT_ASSET_SYMBOL_EXTENSIONS = YES;
				CLANG_ANALYZER_NONNULL = YES;
				CLANG_ANALYZER_NUMBER_OBJECT_CONVERSION = YES_AGGRESSIVE;
				CLANG_CXX_LANGUAGE_STANDARD = "gnu++20";
				CLANG_ENABLE_MODULES = YES;
				CLANG_ENABLE_OBJC_ARC = YES;
				CLANG_ENABLE_OBJC_WEAK = YES;
				CLANG_WARN_BLOCK_CAPTURE_AUTORELEASING = YES;
				CLANG_WARN_BOOL_CONVERSION = YES;
				CLANG_WARN_COMMA = YES;
				CLANG_WARN_CONSTANT_CONVERSION = YES;
				CLANG_WARN_DEPRECATED_OBJC_IMPLEMENTATIONS = YES;
				CLANG_WARN_DIRECT_OBJC_ISA_USAGE = YES_ERROR;
				CLANG_WARN_DOCUMENTATION_COMMENTS = YES;
				CLANG_WARN_EMPTY_BODY = YES;
				CLANG_WARN_ENUM_CONVERSION = YES;
				CLANG_WARN_INFINITE_RECURSION = YES;
				CLANG_WARN_INT_CONVERSION = YES;
				CLANG_WARN_NON_LITERAL_NULL_CONVERSION = YES;
				CLANG_WARN_OBJC_IMPLICIT_RETAIN_SELF = YES;
				CLANG_WARN_OBJC_LITERAL_CONVERSION = YES;
				CLANG_WARN_OBJC_ROOT_CLASS = YES_ERROR;
				CLANG_WARN_QUOTED_INCLUDE_IN_FRAMEWORK_HEADER = YES;
				CLANG_WARN_RANGE_LOOP_ANALYSIS = YES;
				CLANG_WARN_STRICT_PROTOTYPES = YES;
				CLANG_WARN_SUSPICIOUS_MOVE = YES;
				CLANG_WARN_UNGUARDED_AVAILABILITY = YES_AGGRESSIVE;
				CLANG_WARN_UNREACHABLE_CODE = YES;
				CLANG_WARN__DUPLICATE_METHOD_MATCH = YES;
				COPY_PHASE_STRIP = NO;
				DEBUG_INFORMATION_FORMAT = "dwarf-with-dsym";
				ENABLE_NS_ASSERTIONS = NO;
				ENABLE_STRICT_OBJC_MSGSEND = YES;
				ENABLE_USER_SCRIPT_SANDBOXING = YES;
				GCC_C_LANGUAGE_STANDARD = gnu17;
				GCC_NO_COMMON_BLOCKS = YES;
				GCC_WARN_64_TO_32_BIT_CONVERSION = YES;
				GCC_WARN_ABOUT_RETURN_TYPE = YES_ERROR;
				GCC_WARN_UNDECLARED_SELECTOR = YES;
				GCC_WARN_UNINITIALIZED_AUTOS = YES_AGGRESSIVE;
				GCC_WARN_UNUSED_FUNCTION = YES;
				GCC_WARN_UNUSED_VARIABLE = YES;
				IPHONEOS_DEPLOYMENT_TARGET = 18.4;
				LOCALIZATION_PREFERS_STRING_CATALOGS = YES;
				MTL_ENABLE_DEBUG_INFO = NO;
				MTL_FAST_MATH = YES;
				SDKROOT = iphoneos;
				STRING_CATALOG_GENERATE_SYMBOLS = YES;
				SWIFT_COMPILATION_MODE = wholemodule;
				VALIDATE_PRODUCT = YES;
			};
			name = Release;
		};
		BC2027BF2DF9926B00B1CC27 /* Debug */ = {
			isa = XCBuildConfiguration;
			buildSettings = {
				ASSETCATALOG_COMPILER_APPICON_NAME = AppIcon;
				ASSETCATALOG_COMPILER_GLOBAL_ACCENT_COLOR_NAME = AccentColor;
				CODE_SIGN_STYLE = Automatic;
				CURRENT_PROJECT_VERSION = 1;
				ENABLE_PREVIEWS = YES;
				GENERATE_INFOPLIST_FILE = YES;
				INFOPLIST_KEY_UIApplicationSceneManifest_Generation = YES;
				INFOPLIST_KEY_UIApplicationSupportsIndirectInputEvents = YES;
				INFOPLIST_KEY_UILaunchScreen_Generation = YES;
				INFOPLIST_KEY_UISupportedInterfaceOrientations_iPad = "UIInterfaceOrientationPortrait UIInterfaceOrientationPortraitUpsideDown UIInterfaceOrientationLandscapeLeft UIInterfaceOrientationLandscapeRight";
				INFOPLIST_KEY_UISupportedInterfaceOrientations_iPhone = "UIInterfaceOrientationPortrait UIInterfaceOrientationLandscapeLeft UIInterfaceOrientationLandscapeRight";
				LD_RUNPATH_SEARCH_PATHS = (
					"$(inherited)",
					"@executable_path/Frameworks",
				);
				MARKETING_VERSION = 1.0;
				PRODUCT_BUNDLE_IDENTIFIER = start.SwiftSty;
				PRODUCT_NAME = "$(TARGET_NAME)";
				SWIFT_EMIT_LOC_STRINGS = YES;
				SWIFT_VERSION = 5.0;
				TARGETED_DEVICE_FAMILY = "1,2";
			};
			name = Debug;
		};
		BC2027C02DF9926B00B1CC27 /* Release */ = {
			isa = XCBuildConfiguration;
			buildSettings = {
				ASSETCATALOG_COMPILER_APPICON_NAME = AppIcon;
				ASSETCATALOG_COMPILER_GLOBAL_ACCENT_COLOR_NAME = AccentColor;
				CODE_SIGN_STYLE = Automatic;
				CURRENT_PROJECT_VERSION = 1;
				ENABLE_PREVIEWS = YES;
				GENERATE_INFOPLIST_FILE = YES;
				INFOPLIST_KEY_UIApplicationSceneManifest_Generation = YES;
				INFOPLIST_KEY_UIApplicationSupportsIndirectInputEvents = YES;
				INFOPLIST_KEY_UILaunchScreen_Generation = YES;
				INFOPLIST_KEY_UISupportedInterfaceOrientations_iPad = "UIInterfaceOrientationPortrait UIInterfaceOrientationPortraitUpsideDown UIInterfaceOrientationLandscapeLeft UIInterfaceOrientationLandscapeRight";
				INFOPLIST_KEY_UISupportedInterfaceOrientations_iPhone = "UIInterfaceOrientationPortrait UIInterfaceOrientationLandscapeLeft UIInterfaceOrientationLandscapeRight";
				LD_RUNPATH_SEARCH_PATHS = (
					"$(inherited)",
					"@executable_path/Frameworks",
				);
				MARKETING_VERSION = 1.0;
				PRODUCT_BUNDLE_IDENTIFIER = start.SwiftSty;
				PRODUCT_NAME = "$(TARGET_NAME)";
				SWIFT_EMIT_LOC_STRINGS = YES;
				SWIFT_VERSION = 5.0;
				TARGETED_DEVICE_FAMILY = "1,2";
			};
			name = Release;
		};
		BC2027C22DF9926B00B1CC27 /* Debug */ = {
			isa = XCBuildConfiguration;
			buildSettings = {
				BUNDLE_LOADER = "$(TEST_HOST)";
				CODE_SIGN_STYLE = Automatic;
				CURRENT_PROJECT_VERSION = 1;
				GENERATE_INFOPLIST_FILE = YES;
				IPHONEOS_DEPLOYMENT_TARGET = 18.4;
				MARKETING_VERSION = 1.0;
				PRODUCT_BUNDLE_IDENTIFIER = start.SwiftStyTests;
				PRODUCT_NAME = "$(TARGET_NAME)";
				SWIFT_EMIT_LOC_STRINGS = NO;
				SWIFT_VERSION = 5.0;
				TARGETED_DEVICE_FAMILY = "1,2";
				TEST_HOST = "$(BUILT_PRODUCTS_DIR)/SwiftSty.app/$(BUNDLE_EXECUTABLE_FOLDER_PATH)/SwiftSty";
			};
			name = Debug;
		};
		BC2027C32DF9926B00B1CC27 /* Release */ = {
			isa = XCBuildConfiguration;
			buildSettings = {
				BUNDLE_LOADER = "$(TEST_HOST)";
				CODE_SIGN_STYLE = Automatic;
				CURRENT_PROJECT_VERSION = 1;
				GENERATE_INFOPLIST_FILE = YES;
				IPHONEOS_DEPLOYMENT_TARGET = 18.4;
				MARKETING_VERSION = 1.0;
				PRODUCT_BUNDLE_IDENTIFIER = start.SwiftStyTests;
				PRODUCT_NAME = "$(TARGET_NAME)";
				SWIFT_EMIT_LOC_STRINGS = NO;
				SWIFT_VERSION = 5.0;
				TARGETED_DEVICE_FAMILY = "1,2";
				TEST_HOST = "$(BUILT_PRODUCTS_DIR)/SwiftSty.app/$(BUNDLE_EXECUTABLE_FOLDER_PATH)/SwiftSty";
			};
			name = Release;
		};
		BC2027C52DF9926B00B1CC27 /* Debug */ = {
			isa = XCBuildConfiguration;
			buildSettings = {
				CODE_SIGN_STYLE = Automatic;
				CURRENT_PROJECT_VERSION = 1;
				GENERATE_INFOPLIST_FILE = YES;
				MARKETING_VERSION = 1.0;
				PRODUCT_BUNDLE_IDENTIFIER = start.SwiftStyUITests;
				PRODUCT_NAME = "$(TARGET_NAME)";
				SWIFT_EMIT_LOC_STRINGS = NO;
				SWIFT_VERSION = 5.0;
				TARGETED_DEVICE_FAMILY = "1,2";
				TEST_TARGET_NAME = SwiftSty;
			};
			name = Debug;
		};
		BC2027C62DF9926B00B1CC27 /* Release */ = {
			isa = XCBuildConfiguration;
			buildSettings = {
				CODE_SIGN_STYLE = Automatic;
				CURRENT_PROJECT_VERSION = 1;
				GENERATE_INFOPLIST_FILE = YES;
				MARKETING_VERSION = 1.0;
				PRODUCT_BUNDLE_IDENTIFIER = start.SwiftStyUITests;
				PRODUCT_NAME = "$(TARGET_NAME)";
				SWIFT_EMIT_LOC_STRINGS = NO;
				SWIFT_VERSION = 5.0;
				TARGETED_DEVICE_FAMILY = "1,2";
				TEST_TARGET_NAME = SwiftSty;
			};
			name = Release;
		};
/* End XCBuildConfiguration section */

/* Begin XCConfigurationList section */
		BC2027982DF9926900B1CC27 /* Build configuration list for PBXProject "SwiftSty" */ = {
			isa = XCConfigurationList;
			buildConfigurations = (
				BC2027BC2DF9926B00B1CC27 /* Debug */,
				BC2027BD2DF9926B00B1CC27 /* Release */,
			);
			defaultConfigurationIsVisible = 0;
			defaultConfigurationName = Release;
		};
		BC2027BE2DF9926B00B1CC27 /* Build configuration list for PBXNativeTarget "SwiftSty" */ = {
			isa = XCConfigurationList;
			buildConfigurations = (
				BC2027BF2DF9926B00B1CC27 /* Debug */,
				BC2027C02DF9926B00B1CC27 /* Release */,
			);
			defaultConfigurationIsVisible = 0;
			defaultConfigurationName = Release;
		};
		BC2027C12DF9926B00B1CC27 /* Build configuration list for PBXNativeTarget "SwiftStyTests" */ = {
			isa = XCConfigurationList;
			buildConfigurations = (
				BC2027C22DF9926B00B1CC27 /* Debug */,
				BC2027C32DF9926B00B1CC27 /* Release */,
			);
			defaultConfigurationIsVisible = 0;
			defaultConfigurationName = Release;
		};
		BC2027C42DF9926B00B1CC27 /* Build configuration list for PBXNativeTarget "SwiftStyUITests" */ = {
			isa = XCConfigurationList;
			buildConfigurations = (
				BC2027C52DF9926B00B1CC27 /* Debug */,
				BC2027C62DF9926B00B1CC27 /* Release */,
			);
			defaultConfigurationIsVisible = 0;
			defaultConfigurationName = Release;
		};
/* End XCConfigurationList section */
	};
	rootObject = BC2027952DF9926900B1CC27 /* Project object */;
}
